// !$*UTF8*$!
{
	archiveVersion = 1;
	classes = {
	};
	objectVersion = 46;
	objects = {

/* Begin PBXBuildFile section */
		02A44259755D38E6D163E820 /* NameEntity.swift in Sources */ = {isa = PBXBuildFile; fileRef = 2E2D7FBDEA1AFC51C7C6AD26 /* NameEntity.swift */; settings = {ATTRIBUTES = (); }; };
		210194C475687BE6106A3B84 /* PMDocument+action+decrement.swift in Sources */ = {isa = PBXBuildFile; fileRef = 99908345F7439F8FFABDFFC4 /* PMDocument+action+decrement.swift */; settings = {ATTRIBUTES = (); }; };
		3463D06DE0CA9A15B6153677 /* PMDocument+transient+countItemMessage.swift in Sources */ = {isa = PBXBuildFile; fileRef = 7A37563370DED05F5A3BF3EC /* PMDocument+transient+countItemMessage.swift */; settings = {ATTRIBUTES = (); }; };
		3AFB633E50CDF1B20DE6F466 /* application.swift in Sources */ = {isa = PBXBuildFile; fileRef = 6AB90CE0268229151C9BDE11 /* application.swift */; settings = {ATTRIBUTES = (); }; };
		4005F8DA13F42943881C655F /* PMDocument+transient+canRemoveString.swift in Sources */ = {isa = PBXBuildFile; fileRef = 748049E45D87B8C7D8B9AACD /* PMDocument+transient+canRemoveString.swift */; settings = {ATTRIBUTES = (); }; };
		4163B3523AFE57C2E008BC8C /* generic-bindings.swift in Sources */ = {isa = PBXBuildFile; fileRef = 7FBDB1988EF4C628EBA02591 /* generic-bindings.swift */; settings = {ATTRIBUTES = (); }; };
		4608232E07D3AA3D998E5135 /* main.swift in Sources */ = {isa = PBXBuildFile; fileRef = 6E7929B125F8597834FA83A4 /* main.swift */; settings = {ATTRIBUTES = (); }; };
		5A880FAF6FB5E6087EB1B2DC /* MainMenu.xib in Resources */ = {isa = PBXBuildFile; fileRef = BBCE2345D7772B0674A318D5 /* MainMenu.xib */; settings = {ATTRIBUTES = (); }; };
		6A60928B05A7E228A89C3799 /* arrayControllerFilter-PMDocument-otherController.swift in Sources */ = {isa = PBXBuildFile; fileRef = 754BA1C09B3695E0CB6CDE7F /* arrayControllerFilter-PMDocument-otherController.swift */; settings = {ATTRIBUTES = (); }; };
		8E4C41F2747BFA2F1B5F87DB /* standard-properties.swift in Sources */ = {isa = PBXBuildFile; fileRef = 568125ED6C3F678819B6E058 /* standard-properties.swift */; settings = {ATTRIBUTES = (); }; };
		8F07F89DDBEBC2AC9128303F /* PMDocument+transient+selectionCountString.swift in Sources */ = {isa = PBXBuildFile; fileRef = AA0EFB9E19094440C317E21B /* PMDocument+transient+selectionCountString.swift */; settings = {ATTRIBUTES = (); }; };
		9DD601BBE69F351039152189 /* PMDocument+transient+evenValueString.swift in Sources */ = {isa = PBXBuildFile; fileRef = E0327AD868D138F2B4FDD6F0 /* PMDocument+transient+evenValueString.swift */; settings = {ATTRIBUTES = (); }; };
		A126B2F4B2374F342BE9ED44 /* easy-bindings-utilities.swift in Sources */ = {isa = PBXBuildFile; fileRef = 80A295F8076B1C5722A46AA2 /* easy-bindings-utilities.swift */; settings = {ATTRIBUTES = (); }; };
		CBF4CAAED33C36B1B5FC2CB1 /* selectionController-PMDocument-detailController.swift in Sources */ = {isa = PBXBuildFile; fileRef = 5C00B1249BBE3554A4FDF6FB /* selectionController-PMDocument-detailController.swift */; settings = {ATTRIBUTES = (); }; };
		CF71F9AF1B3EA6AA00FB5049 /* EBAllocationDebug.swift in Sources */ = {isa = PBXBuildFile; fileRef = CF71F9A81B3EA6AA00FB5049 /* EBAllocationDebug.swift */; };
		CF71F9B01B3EA6AA00FB5049 /* EBAllocationDebug.xib in Resources */ = {isa = PBXBuildFile; fileRef = CF71F9A91B3EA6AA00FB5049 /* EBAllocationDebug.xib */; };
		CF71F9B11B3EA6AA00FB5049 /* EBDataScanner.swift in Sources */ = {isa = PBXBuildFile; fileRef = CF71F9AA1B3EA6AA00FB5049 /* EBDataScanner.swift */; };
		CF71F9B21B3EA6AA00FB5049 /* EBManagedDocument.swift in Sources */ = {isa = PBXBuildFile; fileRef = CF71F9AB1B3EA6AA00FB5049 /* EBManagedDocument.swift */; };
		CF71F9B31B3EA6AA00FB5049 /* EBManagedObject.swift in Sources */ = {isa = PBXBuildFile; fileRef = CF71F9AC1B3EA6AA00FB5049 /* EBManagedObject.swift */; };
		CF71F9B41B3EA6AA00FB5049 /* EBManagedObjectContext.swift in Sources */ = {isa = PBXBuildFile; fileRef = CF71F9AD1B3EA6AA00FB5049 /* EBManagedObjectContext.swift */; };
		CF71F9B51B3EA6AA00FB5049 /* EBUndoManager.swift in Sources */ = {isa = PBXBuildFile; fileRef = CF71F9AE1B3EA6AA00FB5049 /* EBUndoManager.swift */; };
		CF8610FE1AC85BF7005D4CE5 /* arrayController-PMDocument-nameController.swift in Sources */ = {isa = PBXBuildFile; fileRef = CF8610FB1AC85BF7005D4CE5 /* arrayController-PMDocument-nameController.swift */; };
		CF8610FF1AC85BF7005D4CE5 /* arrayController-PMDocument-otherController.swift in Sources */ = {isa = PBXBuildFile; fileRef = CF8610FC1AC85BF7005D4CE5 /* arrayController-PMDocument-otherController.swift */; };
		CF8611001AC85BF7005D4CE5 /* arrayController-PMDocument-selController.swift in Sources */ = {isa = PBXBuildFile; fileRef = CF8610FD1AC85BF7005D4CE5 /* arrayController-PMDocument-selController.swift */; };
		CF8611021AC85D81005D4CE5 /* PMDocument.xib in Resources */ = {isa = PBXBuildFile; fileRef = CF8611011AC85D81005D4CE5 /* PMDocument.xib */; };
		CF8E79E81B3E9D01000E28CC /* EBButton.swift in Sources */ = {isa = PBXBuildFile; fileRef = CF8E79E21B3E9D01000E28CC /* EBButton.swift */; };
		CF8E79E91B3E9D01000E28CC /* EBIntField.swift in Sources */ = {isa = PBXBuildFile; fileRef = CF8E79E31B3E9D01000E28CC /* EBIntField.swift */; };
		CF8E79EA1B3E9D01000E28CC /* EBIntFieldObserver.swift in Sources */ = {isa = PBXBuildFile; fileRef = CF8E79E41B3E9D01000E28CC /* EBIntFieldObserver.swift */; };
		CF8E79EB1B3E9D01000E28CC /* EBTableView.swift in Sources */ = {isa = PBXBuildFile; fileRef = CF8E79E51B3E9D01000E28CC /* EBTableView.swift */; };
		CF8E79EC1B3E9D01000E28CC /* EBTextField.swift in Sources */ = {isa = PBXBuildFile; fileRef = CF8E79E61B3E9D01000E28CC /* EBTextField.swift */; };
		CF8E79ED1B3E9D01000E28CC /* EBTextFieldObserver.swift in Sources */ = {isa = PBXBuildFile; fileRef = CF8E79E71B3E9D01000E28CC /* EBTextFieldObserver.swift */; };
		E76FC522773286A895BC8436 /* Preferences.swift in Sources */ = {isa = PBXBuildFile; fileRef = 19AD8176D665453CFB2E55F0 /* Preferences.swift */; settings = {ATTRIBUTES = (); }; };
		F495B6AB9DCF8D3B5C6E0B01 /* PMDocument+transient+total.swift in Sources */ = {isa = PBXBuildFile; fileRef = FA475530D9583C34FD356EF5 /* PMDocument+transient+total.swift */; settings = {ATTRIBUTES = (); }; };
		F766FA44E1ED0FF613F563BD /* PMDocument.swift in Sources */ = {isa = PBXBuildFile; fileRef = CDCD5072BB1864CDEE4D3D6E /* PMDocument.swift */; settings = {ATTRIBUTES = (); }; };
		F8ED5D21A44B0E5886680CB9 /* PMDocument+action+increment.swift in Sources */ = {isa = PBXBuildFile; fileRef = 8E8850243BE8079A5C74D079 /* PMDocument+action+increment.swift */; settings = {ATTRIBUTES = (); }; };
		FB98AB9159F51FD0297E236D /* MyRootEntity.swift in Sources */ = {isa = PBXBuildFile; fileRef = CEEA167A5A36DEDD4BEA2543 /* MyRootEntity.swift */; settings = {ATTRIBUTES = (); }; };
/* End PBXBuildFile section */

/* Begin PBXFileReference section */
		19AD8176D665453CFB2E55F0 /* Preferences.swift */ = {isa = PBXFileReference; fileEncoding = 4; lastKnownFileType = sourcecode.swift; path = Preferences.swift; sourceTree = "<group>"; };
		2E2D7FBDEA1AFC51C7C6AD26 /* NameEntity.swift */ = {isa = PBXFileReference; fileEncoding = 4; lastKnownFileType = sourcecode.swift; path = NameEntity.swift; sourceTree = "<group>"; };
		568125ED6C3F678819B6E058 /* standard-properties.swift */ = {isa = PBXFileReference; fileEncoding = 4; lastKnownFileType = sourcecode.swift; path = "standard-properties.swift"; sourceTree = "<group>"; };
		5C00B1249BBE3554A4FDF6FB /* selectionController-PMDocument-detailController.swift */ = {isa = PBXFileReference; fileEncoding = 4; lastKnownFileType = sourcecode.swift; path = "selectionController-PMDocument-detailController.swift"; sourceTree = "<group>"; };
		6AB90CE0268229151C9BDE11 /* application.swift */ = {isa = PBXFileReference; fileEncoding = 4; lastKnownFileType = sourcecode.swift; path = application.swift; sourceTree = "<group>"; };
		6E7929B125F8597834FA83A4 /* main.swift */ = {isa = PBXFileReference; fileEncoding = 4; lastKnownFileType = sourcecode.swift; path = main.swift; sourceTree = "<group>"; };
		748049E45D87B8C7D8B9AACD /* PMDocument+transient+canRemoveString.swift */ = {isa = PBXFileReference; fileEncoding = 4; lastKnownFileType = sourcecode.swift; path = "PMDocument+transient+canRemoveString.swift"; sourceTree = "<group>"; };
		754BA1C09B3695E0CB6CDE7F /* arrayControllerFilter-PMDocument-otherController.swift */ = {isa = PBXFileReference; fileEncoding = 4; lastKnownFileType = sourcecode.swift; path = "arrayControllerFilter-PMDocument-otherController.swift"; sourceTree = "<group>"; };
		7A37563370DED05F5A3BF3EC /* PMDocument+transient+countItemMessage.swift */ = {isa = PBXFileReference; fileEncoding = 4; lastKnownFileType = sourcecode.swift; path = "PMDocument+transient+countItemMessage.swift"; sourceTree = "<group>"; };
		7FBDB1988EF4C628EBA02591 /* generic-bindings.swift */ = {isa = PBXFileReference; fileEncoding = 4; lastKnownFileType = sourcecode.swift; path = "generic-bindings.swift"; sourceTree = "<group>"; };
		80A295F8076B1C5722A46AA2 /* easy-bindings-utilities.swift */ = {isa = PBXFileReference; fileEncoding = 4; lastKnownFileType = sourcecode.swift; path = "easy-bindings-utilities.swift"; sourceTree = "<group>"; };
		8E8850243BE8079A5C74D079 /* PMDocument+action+increment.swift */ = {isa = PBXFileReference; fileEncoding = 4; lastKnownFileType = sourcecode.swift; path = "PMDocument+action+increment.swift"; sourceTree = "<group>"; };
		99908345F7439F8FFABDFFC4 /* PMDocument+action+decrement.swift */ = {isa = PBXFileReference; fileEncoding = 4; lastKnownFileType = sourcecode.swift; path = "PMDocument+action+decrement.swift"; sourceTree = "<group>"; };
		AA0EFB9E19094440C317E21B /* PMDocument+transient+selectionCountString.swift */ = {isa = PBXFileReference; fileEncoding = 4; lastKnownFileType = sourcecode.swift; path = "PMDocument+transient+selectionCountString.swift"; sourceTree = "<group>"; };
		BBCE2345D7772B0674A318D5 /* MainMenu.xib */ = {isa = PBXFileReference; fileEncoding = 4; lastKnownFileType = wrapper.xib; path = MainMenu.xib; sourceTree = "<group>"; };
		CDCD5072BB1864CDEE4D3D6E /* PMDocument.swift */ = {isa = PBXFileReference; fileEncoding = 4; lastKnownFileType = sourcecode.swift; path = PMDocument.swift; sourceTree = "<group>"; };
		CEEA167A5A36DEDD4BEA2543 /* MyRootEntity.swift */ = {isa = PBXFileReference; fileEncoding = 4; lastKnownFileType = sourcecode.swift; path = MyRootEntity.swift; sourceTree = "<group>"; };
		CF71F9A81B3EA6AA00FB5049 /* EBAllocationDebug.swift */ = {isa = PBXFileReference; fileEncoding = 4; lastKnownFileType = sourcecode.swift; path = EBAllocationDebug.swift; sourceTree = "<group>"; };
		CF71F9A91B3EA6AA00FB5049 /* EBAllocationDebug.xib */ = {isa = PBXFileReference; fileEncoding = 4; lastKnownFileType = file.xib; path = EBAllocationDebug.xib; sourceTree = "<group>"; };
		CF71F9AA1B3EA6AA00FB5049 /* EBDataScanner.swift */ = {isa = PBXFileReference; fileEncoding = 4; lastKnownFileType = sourcecode.swift; path = EBDataScanner.swift; sourceTree = "<group>"; };
		CF71F9AB1B3EA6AA00FB5049 /* EBManagedDocument.swift */ = {isa = PBXFileReference; fileEncoding = 4; lastKnownFileType = sourcecode.swift; path = EBManagedDocument.swift; sourceTree = "<group>"; };
		CF71F9AC1B3EA6AA00FB5049 /* EBManagedObject.swift */ = {isa = PBXFileReference; fileEncoding = 4; lastKnownFileType = sourcecode.swift; path = EBManagedObject.swift; sourceTree = "<group>"; };
		CF71F9AD1B3EA6AA00FB5049 /* EBManagedObjectContext.swift */ = {isa = PBXFileReference; fileEncoding = 4; lastKnownFileType = sourcecode.swift; path = EBManagedObjectContext.swift; sourceTree = "<group>"; };
		CF71F9AE1B3EA6AA00FB5049 /* EBUndoManager.swift */ = {isa = PBXFileReference; fileEncoding = 4; lastKnownFileType = sourcecode.swift; path = EBUndoManager.swift; sourceTree = "<group>"; };
		CF8610F91AC85BCD005D4CE5 /* document-with-relationships.app */ = {isa = PBXFileReference; explicitFileType = wrapper.application; includeInIndex = 0; path = "document-with-relationships.app"; sourceTree = BUILT_PRODUCTS_DIR; };
		CF8610FB1AC85BF7005D4CE5 /* arrayController-PMDocument-nameController.swift */ = {isa = PBXFileReference; fileEncoding = 4; lastKnownFileType = sourcecode.swift; path = "arrayController-PMDocument-nameController.swift"; sourceTree = "<group>"; };
		CF8610FC1AC85BF7005D4CE5 /* arrayController-PMDocument-otherController.swift */ = {isa = PBXFileReference; fileEncoding = 4; lastKnownFileType = sourcecode.swift; path = "arrayController-PMDocument-otherController.swift"; sourceTree = "<group>"; };
		CF8610FD1AC85BF7005D4CE5 /* arrayController-PMDocument-selController.swift */ = {isa = PBXFileReference; fileEncoding = 4; lastKnownFileType = sourcecode.swift; path = "arrayController-PMDocument-selController.swift"; sourceTree = "<group>"; };
		CF8611011AC85D81005D4CE5 /* PMDocument.xib */ = {isa = PBXFileReference; fileEncoding = 4; lastKnownFileType = file.xib; path = PMDocument.xib; sourceTree = "<group>"; };
		CF8E79E21B3E9D01000E28CC /* EBButton.swift */ = {isa = PBXFileReference; fileEncoding = 4; lastKnownFileType = sourcecode.swift; path = EBButton.swift; sourceTree = "<group>"; };
		CF8E79E31B3E9D01000E28CC /* EBIntField.swift */ = {isa = PBXFileReference; fileEncoding = 4; lastKnownFileType = sourcecode.swift; path = EBIntField.swift; sourceTree = "<group>"; };
		CF8E79E41B3E9D01000E28CC /* EBIntFieldObserver.swift */ = {isa = PBXFileReference; fileEncoding = 4; lastKnownFileType = sourcecode.swift; path = EBIntFieldObserver.swift; sourceTree = "<group>"; };
		CF8E79E51B3E9D01000E28CC /* EBTableView.swift */ = {isa = PBXFileReference; fileEncoding = 4; lastKnownFileType = sourcecode.swift; path = EBTableView.swift; sourceTree = "<group>"; };
		CF8E79E61B3E9D01000E28CC /* EBTextField.swift */ = {isa = PBXFileReference; fileEncoding = 4; lastKnownFileType = sourcecode.swift; path = EBTextField.swift; sourceTree = "<group>"; };
		CF8E79E71B3E9D01000E28CC /* EBTextFieldObserver.swift */ = {isa = PBXFileReference; fileEncoding = 4; lastKnownFileType = sourcecode.swift; path = EBTextFieldObserver.swift; sourceTree = "<group>"; };
		E0327AD868D138F2B4FDD6F0 /* PMDocument+transient+evenValueString.swift */ = {isa = PBXFileReference; fileEncoding = 4; lastKnownFileType = sourcecode.swift; path = "PMDocument+transient+evenValueString.swift"; sourceTree = "<group>"; };
		EC990F19C78C75BD1E06F215 /* Info.plist */ = {isa = PBXFileReference; fileEncoding = 4; lastKnownFileType = text.plist; path = Info.plist; sourceTree = "<group>"; };
		FA475530D9583C34FD356EF5 /* PMDocument+transient+total.swift */ = {isa = PBXFileReference; fileEncoding = 4; lastKnownFileType = sourcecode.swift; path = "PMDocument+transient+total.swift"; sourceTree = "<group>"; };
/* End PBXFileReference section */

/* Begin PBXFrameworksBuildPhase section */
		674997CDB4692D34DE8633C4 /* Frameworks */ = {
			isa = PBXFrameworksBuildPhase;
			buildActionMask = 2147483647;
			files = (
			);
			runOnlyForDeploymentPostprocessing = 0;
		};
/* End PBXFrameworksBuildPhase section */

/* Begin PBXGroup section */
		14875E45BBA028A21ED38046 /* Resources */ = {
			isa = PBXGroup;
			children = (
				EC990F19C78C75BD1E06F215 /* Info.plist */,
			);
			name = Resources;
			path = "document-with-relationships";
			sourceTree = "<group>";
		};
		4B5CE2FE28308FD9F2A7BAF3 = {
			isa = PBXGroup;
			children = (
				A2F3E71D9181A67B7542122C /* Sources */,
				14875E45BBA028A21ED38046 /* Resources */,
				CF8610FA1AC85BCD005D4CE5 /* Products */,
			);
			sourceTree = "<group>";
		};
		A2F3E71D9181A67B7542122C /* Sources */ = {
			isa = PBXGroup;
			children = (
				6AB90CE0268229151C9BDE11 /* application.swift */,
				CF8610FB1AC85BF7005D4CE5 /* arrayController-PMDocument-nameController.swift */,
				CF8610FC1AC85BF7005D4CE5 /* arrayController-PMDocument-otherController.swift */,
				CF8610FD1AC85BF7005D4CE5 /* arrayController-PMDocument-selController.swift */,
				754BA1C09B3695E0CB6CDE7F /* arrayControllerFilter-PMDocument-otherController.swift */,
				80A295F8076B1C5722A46AA2 /* easy-bindings-utilities.swift */,
				CF71F9A81B3EA6AA00FB5049 /* EBAllocationDebug.swift */,
				CF71F9A91B3EA6AA00FB5049 /* EBAllocationDebug.xib */,
				CF8E79E21B3E9D01000E28CC /* EBButton.swift */,
				CF71F9AA1B3EA6AA00FB5049 /* EBDataScanner.swift */,
				CF8E79E31B3E9D01000E28CC /* EBIntField.swift */,
				CF8E79E41B3E9D01000E28CC /* EBIntFieldObserver.swift */,
				CF71F9AB1B3EA6AA00FB5049 /* EBManagedDocument.swift */,
				CF71F9AC1B3EA6AA00FB5049 /* EBManagedObject.swift */,
				CF71F9AD1B3EA6AA00FB5049 /* EBManagedObjectContext.swift */,
				CF8E79E51B3E9D01000E28CC /* EBTableView.swift */,
				CF8E79E61B3E9D01000E28CC /* EBTextField.swift */,
				CF8E79E71B3E9D01000E28CC /* EBTextFieldObserver.swift */,
				CF71F9AE1B3EA6AA00FB5049 /* EBUndoManager.swift */,
				7FBDB1988EF4C628EBA02591 /* generic-bindings.swift */,
				6E7929B125F8597834FA83A4 /* main.swift */,
				BBCE2345D7772B0674A318D5 /* MainMenu.xib */,
				CEEA167A5A36DEDD4BEA2543 /* MyRootEntity.swift */,
				2E2D7FBDEA1AFC51C7C6AD26 /* NameEntity.swift */,
				CDCD5072BB1864CDEE4D3D6E /* PMDocument.swift */,
				CF8611011AC85D81005D4CE5 /* PMDocument.xib */,
				99908345F7439F8FFABDFFC4 /* PMDocument+action+decrement.swift */,
				8E8850243BE8079A5C74D079 /* PMDocument+action+increment.swift */,
				748049E45D87B8C7D8B9AACD /* PMDocument+transient+canRemoveString.swift */,
				7A37563370DED05F5A3BF3EC /* PMDocument+transient+countItemMessage.swift */,
				E0327AD868D138F2B4FDD6F0 /* PMDocument+transient+evenValueString.swift */,
				AA0EFB9E19094440C317E21B /* PMDocument+transient+selectionCountString.swift */,
				FA475530D9583C34FD356EF5 /* PMDocument+transient+total.swift */,
				19AD8176D665453CFB2E55F0 /* Preferences.swift */,
				5C00B1249BBE3554A4FDF6FB /* selectionController-PMDocument-detailController.swift */,
				568125ED6C3F678819B6E058 /* standard-properties.swift */,
			);
			name = Sources;
			path = "document-with-relationships";
			sourceTree = "<group>";
		};
		CF8610FA1AC85BCD005D4CE5 /* Products */ = {
			isa = PBXGroup;
			children = (
				CF8610F91AC85BCD005D4CE5 /* document-with-relationships.app */,
			);
			name = Products;
			sourceTree = "<group>";
		};
/* End PBXGroup section */

/* Begin PBXNativeTarget section */
		F00665CE8623E36BD4E3C7C5 /* document-with-relationships */ = {
			isa = PBXNativeTarget;
			buildConfigurationList = 3223EFBC24C7D2583BE69251 /* Build configuration list for PBXNativeTarget "document-with-relationships" */;
			buildPhases = (
				55CE926456240B2FF0100BDE /* Resources */,
				674997CDB4692D34DE8633C4 /* Frameworks */,
				976AAB5298D5DA10FE66F21D /* Sources */,
			);
			buildRules = (
			);
			dependencies = (
			);
			name = "document-with-relationships";
			productInstallPath = "$(HOME)/bin";
			productName = "document-with-relationships";
			productReference = CF8610F91AC85BCD005D4CE5 /* document-with-relationships.app */;
			productType = "com.apple.product-type.application";
		};
/* End PBXNativeTarget section */

/* Begin PBXProject section */
		95D565EF66E7DFF9F98764DA /* Project object */ = {
			isa = PBXProject;
			attributes = {
				LastSwiftUpdateCheck = 0700;
				LastUpgradeCheck = 0700;
			};
			buildConfigurationList = 9D4C2F636F067F89CC14862C /* Build configuration list for PBXProject "document-with-relationships" */;
			compatibilityVersion = "Xcode 3.2";
			developmentRegion = English;
			hasScannedForEncodings = 1;
			knownRegions = (
				en,
			);
			mainGroup = 4B5CE2FE28308FD9F2A7BAF3;
			productRefGroup = CF8610FA1AC85BCD005D4CE5 /* Products */;
			projectDirPath = "";
			projectRoot = "";
			targets = (
				F00665CE8623E36BD4E3C7C5 /* document-with-relationships */,
			);
		};
/* End PBXProject section */

/* Begin PBXResourcesBuildPhase section */
		55CE926456240B2FF0100BDE /* Resources */ = {
			isa = PBXResourcesBuildPhase;
			buildActionMask = 2147483647;
			files = (
				5A880FAF6FB5E6087EB1B2DC /* MainMenu.xib in Resources */,
				CF8611021AC85D81005D4CE5 /* PMDocument.xib in Resources */,
				CF71F9B01B3EA6AA00FB5049 /* EBAllocationDebug.xib in Resources */,
			);
			runOnlyForDeploymentPostprocessing = 0;
		};
/* End PBXResourcesBuildPhase section */

/* Begin PBXSourcesBuildPhase section */
		976AAB5298D5DA10FE66F21D /* Sources */ = {
			isa = PBXSourcesBuildPhase;
			buildActionMask = 2147483647;
			files = (
				FB98AB9159F51FD0297E236D /* MyRootEntity.swift in Sources */,
				02A44259755D38E6D163E820 /* NameEntity.swift in Sources */,
				210194C475687BE6106A3B84 /* PMDocument+action+decrement.swift in Sources */,
				F8ED5D21A44B0E5886680CB9 /* PMDocument+action+increment.swift in Sources */,
				CF71F9B51B3EA6AA00FB5049 /* EBUndoManager.swift in Sources */,
				4005F8DA13F42943881C655F /* PMDocument+transient+canRemoveString.swift in Sources */,
				CF71F9B21B3EA6AA00FB5049 /* EBManagedDocument.swift in Sources */,
				CF8E79EA1B3E9D01000E28CC /* EBIntFieldObserver.swift in Sources */,
				CF71F9B41B3EA6AA00FB5049 /* EBManagedObjectContext.swift in Sources */,
				CF8E79EB1B3E9D01000E28CC /* EBTableView.swift in Sources */,
				3463D06DE0CA9A15B6153677 /* PMDocument+transient+countItemMessage.swift in Sources */,
				9DD601BBE69F351039152189 /* PMDocument+transient+evenValueString.swift in Sources */,
				CF8610FF1AC85BF7005D4CE5 /* arrayController-PMDocument-otherController.swift in Sources */,
				CF8611001AC85BF7005D4CE5 /* arrayController-PMDocument-selController.swift in Sources */,
				CF71F9B11B3EA6AA00FB5049 /* EBDataScanner.swift in Sources */,
				8F07F89DDBEBC2AC9128303F /* PMDocument+transient+selectionCountString.swift in Sources */,
				F495B6AB9DCF8D3B5C6E0B01 /* PMDocument+transient+total.swift in Sources */,
				F766FA44E1ED0FF613F563BD /* PMDocument.swift in Sources */,
				CF8610FE1AC85BF7005D4CE5 /* arrayController-PMDocument-nameController.swift in Sources */,
				CF71F9B31B3EA6AA00FB5049 /* EBManagedObject.swift in Sources */,
				CF8E79ED1B3E9D01000E28CC /* EBTextFieldObserver.swift in Sources */,
				E76FC522773286A895BC8436 /* Preferences.swift in Sources */,
				CF8E79E81B3E9D01000E28CC /* EBButton.swift in Sources */,
				CF8E79E91B3E9D01000E28CC /* EBIntField.swift in Sources */,
				3AFB633E50CDF1B20DE6F466 /* application.swift in Sources */,
				6A60928B05A7E228A89C3799 /* arrayControllerFilter-PMDocument-otherController.swift in Sources */,
				A126B2F4B2374F342BE9ED44 /* easy-bindings-utilities.swift in Sources */,
				CF71F9AF1B3EA6AA00FB5049 /* EBAllocationDebug.swift in Sources */,
				4163B3523AFE57C2E008BC8C /* generic-bindings.swift in Sources */,
				CF8E79EC1B3E9D01000E28CC /* EBTextField.swift in Sources */,
				4608232E07D3AA3D998E5135 /* main.swift in Sources */,
				CBF4CAAED33C36B1B5FC2CB1 /* selectionController-PMDocument-detailController.swift in Sources */,
				8E4C41F2747BFA2F1B5F87DB /* standard-properties.swift in Sources */,
			);
			runOnlyForDeploymentPostprocessing = 0;
		};
/* End PBXSourcesBuildPhase section */

/* Begin XCBuildConfiguration section */
		44A3365A46C9077EBB5E35C3 /* Default */ = {
			isa = XCBuildConfiguration;
			buildSettings = {
				COMBINE_HIDPI_IMAGES = YES;
				DEBUG_INFORMATION_FORMAT = dwarf;
				GCC_GENERATE_DEBUGGING_SYMBOLS = NO;
				GCC_OPTIMIZATION_LEVEL = 3;
				GCC_PREPROCESSOR_DEFINITIONS = "";
				INFOPLIST_FILE = "document-with-relationships/Info.plist";
				LLVM_LTO = YES;
				PRODUCT_BUNDLE_IDENTIFIER = "fr.irccyn.molinaro.document-with-relationships";
				PRODUCT_NAME = "document-with-relationships";
				SWIFT_DISABLE_SAFETY_CHECKS = YES;
				SWIFT_OPTIMIZATION_LEVEL = "-Owholemodule";
			};
			name = Default;
		};
		A0B923820DCC509A6F75849B /* Default */ = {
			isa = XCBuildConfiguration;
			buildSettings = {
				CLANG_ENABLE_OBJC_ARC = YES;
				CLANG_WARN_SUSPICIOUS_IMPLICIT_CONVERSION = YES;
				COPY_PHASE_STRIP = NO;
				GCC_GENERATE_DEBUGGING_SYMBOLS = NO;
				GCC_PRECOMPILE_PREFIX_HEADER = YES;
				GCC_THREADSAFE_STATICS = NO;
				GCC_TREAT_IMPLICIT_FUNCTION_DECLARATIONS_AS_ERRORS = YES;
				GCC_TREAT_WARNINGS_AS_ERRORS = YES;
				GCC_WARN_64_TO_32_BIT_CONVERSION = YES;
				GCC_WARN_ABOUT_DEPRECATED_FUNCTIONS = NO;
				GCC_WARN_ABOUT_INVALID_OFFSETOF_MACRO = YES;
				GCC_WARN_ABOUT_MISSING_NEWLINE = YES;
				GCC_WARN_ABOUT_MISSING_PROTOTYPES = YES;
				GCC_WARN_ABOUT_RETURN_TYPE = YES;
				GCC_WARN_CHECK_SWITCH_STATEMENTS = YES;
				GCC_WARN_FOUR_CHARACTER_CONSTANTS = YES;
				GCC_WARN_HIDDEN_VIRTUAL_FUNCTIONS = YES;
				GCC_WARN_INHIBIT_ALL_WARNINGS = NO;
				GCC_WARN_INITIALIZER_NOT_FULLY_BRACKETED = YES;
				GCC_WARN_MISSING_PARENTHESES = YES;
				GCC_WARN_NON_VIRTUAL_DESTRUCTOR = YES;
				GCC_WARN_PEDANTIC = NO;
				GCC_WARN_SHADOW = NO;
				GCC_WARN_SIGN_COMPARE = YES;
				GCC_WARN_TYPECHECK_CALLS_TO_PRINTF = YES;
				GCC_WARN_UNINITIALIZED_AUTOS = YES;
				GCC_WARN_UNKNOWN_PRAGMAS = YES;
				GCC_WARN_UNUSED_FUNCTION = YES;
				GCC_WARN_UNUSED_LABEL = YES;
				GCC_WARN_UNUSED_VALUE = YES;
				GCC_WARN_UNUSED_VARIABLE = YES;
				LD_RUNPATH_SEARCH_PATHS = "$(inherited) @executable_path/../Frameworks";
				MACOSX_DEPLOYMENT_TARGET = 10.10;
				SDKROOT = macosx10.11;
				SWIFT_INSTALL_OBJC_HEADER = NO;
			};
			name = Default;
		};
/* End XCBuildConfiguration section */

/* Begin XCConfigurationList section */
		3223EFBC24C7D2583BE69251 /* Build configuration list for PBXNativeTarget "document-with-relationships" */ = {
			isa = XCConfigurationList;
			buildConfigurations = (
				44A3365A46C9077EBB5E35C3 /* Default */,
			);
			defaultConfigurationIsVisible = 0;
			defaultConfigurationName = Default;
		};
		9D4C2F636F067F89CC14862C /* Build configuration list for PBXProject "document-with-relationships" */ = {
			isa = XCConfigurationList;
			buildConfigurations = (
				A0B923820DCC509A6F75849B /* Default */,
			);
			defaultConfigurationIsVisible = 0;
			defaultConfigurationName = Default;
		};
/* End XCConfigurationList section */
	};
	rootObject = 95D565EF66E7DFF9F98764DA /* Project object */;
}
