// !$*UTF8*$!
{
	archiveVersion = 1;
	classes = {
	};
	objectVersion = 46;
	objects = {

/* Begin PBXBuildFile section */
		02A44259755D38E6D163E820 /* transient-MyRootEntity-myStringConcat.swift in Sources */ = {isa = PBXBuildFile; fileRef = 2E2D7FBDEA1AFC51C7C6AD26 /* transient-MyRootEntity-myStringConcat.swift */; settings = {ATTRIBUTES = (); }; };
		22BCC25A6F606EB525FFDC56 /* transient-MyRootEntity-myStringMin.swift in Sources */ = {isa = PBXBuildFile; fileRef = C124A10E0DB5E4B97FC2AF39 /* transient-MyRootEntity-myStringMin.swift */; settings = {ATTRIBUTES = (); }; };
		30BD3DCAEFC96F40275BDC0A /* easy-bindings-utilities.swift in Sources */ = {isa = PBXBuildFile; fileRef = A9DED88F18ECEE47145A72C0 /* easy-bindings-utilities.swift */; settings = {ATTRIBUTES = (); }; };
		3463D06DE0CA9A15B6153677 /* action-PMDocument-autreAction.swift in Sources */ = {isa = PBXBuildFile; fileRef = 7A37563370DED05F5A3BF3EC /* action-PMDocument-autreAction.swift */; settings = {ATTRIBUTES = (); }; };
		3AFB633E50CDF1B20DE6F466 /* standard-properties.swift in Sources */ = {isa = PBXBuildFile; fileRef = 6AB90CE0268229151C9BDE11 /* standard-properties.swift */; settings = {ATTRIBUTES = (); }; };
		4DFA42CADDBD0694A4E9BDC8 /* generic-bindings.swift in Sources */ = {isa = PBXBuildFile; fileRef = 778DFAECDC212708F721B788 /* generic-bindings.swift */; settings = {ATTRIBUTES = (); }; };
		5A880FAF6FB5E6087EB1B2DC /* MainMenu.xib in Resources */ = {isa = PBXBuildFile; fileRef = BBCE2345D7772B0674A318D5 /* MainMenu.xib */; settings = {ATTRIBUTES = (); }; };
		6FE97759AA27A0C99BFF6710 /* transient-MyRootEntity-myStringMaj.swift in Sources */ = {isa = PBXBuildFile; fileRef = D9CAA6E02C990B0A82652DCA /* transient-MyRootEntity-myStringMaj.swift */; settings = {ATTRIBUTES = (); }; };
		8F07F89DDBEBC2AC9128303F /* PMDocument.swift in Sources */ = {isa = PBXBuildFile; fileRef = AA0EFB9E19094440C317E21B /* PMDocument.swift */; settings = {ATTRIBUTES = (); }; };
		9DD601BBE69F351039152189 /* action-PMDocument-monAction.swift in Sources */ = {isa = PBXBuildFile; fileRef = E0327AD868D138F2B4FDD6F0 /* action-PMDocument-monAction.swift */; settings = {ATTRIBUTES = (); }; };
		B79421734881B53E1E1B18B6 /* application.swift in Sources */ = {isa = PBXBuildFile; fileRef = CE56D3D6FA748AB6D9AF3FD7 /* application.swift */; settings = {ATTRIBUTES = (); }; };
		CF3B47731AC80DF000DA3409 /* PMDocument.xib in Resources */ = {isa = PBXBuildFile; fileRef = CF3B47721AC80DF000DA3409 /* PMDocument.xib */; };
		CF4BBCCE20EFE80100C7C2A9 /* entity-MyRootEntity.swift in Sources */ = {isa = PBXBuildFile; fileRef = CF4BBCCD20EFE80100C7C2A9 /* entity-MyRootEntity.swift */; };
		CF71F9A11B3EA66700FB5049 /* EBAllocationDebug.swift in Sources */ = {isa = PBXBuildFile; fileRef = CF71F99A1B3EA66700FB5049 /* EBAllocationDebug.swift */; };
		CF71F9A21B3EA66700FB5049 /* EBAllocationDebug.xib in Resources */ = {isa = PBXBuildFile; fileRef = CF71F99B1B3EA66700FB5049 /* EBAllocationDebug.xib */; };
		CF71F9A31B3EA66700FB5049 /* EBDataScanner.swift in Sources */ = {isa = PBXBuildFile; fileRef = CF71F99C1B3EA66700FB5049 /* EBDataScanner.swift */; };
		CF71F9A41B3EA66700FB5049 /* EBManagedDocument.swift in Sources */ = {isa = PBXBuildFile; fileRef = CF71F99D1B3EA66700FB5049 /* EBManagedDocument.swift */; };
		CF71F9A51B3EA66700FB5049 /* EBManagedObject.swift in Sources */ = {isa = PBXBuildFile; fileRef = CF71F99E1B3EA66700FB5049 /* EBManagedObject.swift */; };
		CF71F9A61B3EA66700FB5049 /* EBManagedObjectContext.swift in Sources */ = {isa = PBXBuildFile; fileRef = CF71F99F1B3EA66700FB5049 /* EBManagedObjectContext.swift */; };
		CF71F9A71B3EA66700FB5049 /* EBUndoManager.swift in Sources */ = {isa = PBXBuildFile; fileRef = CF71F9A01B3EA66700FB5049 /* EBUndoManager.swift */; };
		CF8E79DE1B3E9B11000E28CC /* EBColorWell.swift in Sources */ = {isa = PBXBuildFile; fileRef = CF8E79DA1B3E9B11000E28CC /* EBColorWell.swift */; };
		CF8E79E01B3E9B11000E28CC /* EBTextField.swift in Sources */ = {isa = PBXBuildFile; fileRef = CF8E79DC1B3E9B11000E28CC /* EBTextField.swift */; };
		CFC7AEC21BF220D20076C604 /* EBTextObserverField.swift in Sources */ = {isa = PBXBuildFile; fileRef = CFC7AEC11BF220D20076C604 /* EBTextObserverField.swift */; };
		E76FC522773286A895BC8436 /* main.swift in Sources */ = {isa = PBXBuildFile; fileRef = 19AD8176D665453CFB2E55F0 /* main.swift */; settings = {ATTRIBUTES = (); }; };
		E875A2E075A1A4A6E1B9770F /* Preferences.swift in Sources */ = {isa = PBXBuildFile; fileRef = 7260AE62E3B1396831A8398F /* Preferences.swift */; settings = {ATTRIBUTES = (); }; };
/* End PBXBuildFile section */

/* Begin PBXFileReference section */
		19AD8176D665453CFB2E55F0 /* main.swift */ = {isa = PBXFileReference; fileEncoding = 4; lastKnownFileType = sourcecode.swift; path = main.swift; sourceTree = "<group>"; };
		2E2D7FBDEA1AFC51C7C6AD26 /* transient-MyRootEntity-myStringConcat.swift */ = {isa = PBXFileReference; fileEncoding = 4; lastKnownFileType = sourcecode.swift; path = "transient-MyRootEntity-myStringConcat.swift"; sourceTree = "<group>"; };
		6A60928B05A7E228A89C3799 /* Info.plist */ = {isa = PBXFileReference; fileEncoding = 4; lastKnownFileType = text.plist; path = Info.plist; sourceTree = "<group>"; };
		6AB90CE0268229151C9BDE11 /* standard-properties.swift */ = {isa = PBXFileReference; fileEncoding = 4; lastKnownFileType = sourcecode.swift; path = "standard-properties.swift"; sourceTree = "<group>"; };
		7260AE62E3B1396831A8398F /* Preferences.swift */ = {isa = PBXFileReference; fileEncoding = 4; lastKnownFileType = sourcecode.swift; path = Preferences.swift; sourceTree = "<group>"; };
		778DFAECDC212708F721B788 /* generic-bindings.swift */ = {isa = PBXFileReference; fileEncoding = 4; lastKnownFileType = sourcecode.swift; path = "generic-bindings.swift"; sourceTree = "<group>"; };
		7A37563370DED05F5A3BF3EC /* action-PMDocument-autreAction.swift */ = {isa = PBXFileReference; fileEncoding = 4; lastKnownFileType = sourcecode.swift; path = "action-PMDocument-autreAction.swift"; sourceTree = "<group>"; };
		A9DED88F18ECEE47145A72C0 /* easy-bindings-utilities.swift */ = {isa = PBXFileReference; fileEncoding = 4; lastKnownFileType = sourcecode.swift; path = "easy-bindings-utilities.swift"; sourceTree = "<group>"; };
		AA0EFB9E19094440C317E21B /* PMDocument.swift */ = {isa = PBXFileReference; fileEncoding = 4; lastKnownFileType = sourcecode.swift; path = PMDocument.swift; sourceTree = "<group>"; };
		BBCE2345D7772B0674A318D5 /* MainMenu.xib */ = {isa = PBXFileReference; fileEncoding = 4; lastKnownFileType = wrapper.xib; path = MainMenu.xib; sourceTree = "<group>"; };
		C124A10E0DB5E4B97FC2AF39 /* transient-MyRootEntity-myStringMin.swift */ = {isa = PBXFileReference; fileEncoding = 4; lastKnownFileType = sourcecode.swift; path = "transient-MyRootEntity-myStringMin.swift"; sourceTree = "<group>"; };
		CE56D3D6FA748AB6D9AF3FD7 /* application.swift */ = {isa = PBXFileReference; fileEncoding = 4; lastKnownFileType = sourcecode.swift; path = application.swift; sourceTree = "<group>"; };
		CF3B47701AC80D3800DA3409 /* simple-document.app */ = {isa = PBXFileReference; explicitFileType = wrapper.application; includeInIndex = 0; path = "simple-document.app"; sourceTree = BUILT_PRODUCTS_DIR; };
		CF3B47721AC80DF000DA3409 /* PMDocument.xib */ = {isa = PBXFileReference; fileEncoding = 4; lastKnownFileType = file.xib; path = PMDocument.xib; sourceTree = "<group>"; };
		CF4BBCCD20EFE80100C7C2A9 /* entity-MyRootEntity.swift */ = {isa = PBXFileReference; fileEncoding = 4; lastKnownFileType = sourcecode.swift; path = "entity-MyRootEntity.swift"; sourceTree = "<group>"; };
		CF71F99A1B3EA66700FB5049 /* EBAllocationDebug.swift */ = {isa = PBXFileReference; fileEncoding = 4; lastKnownFileType = sourcecode.swift; path = EBAllocationDebug.swift; sourceTree = "<group>"; };
		CF71F99B1B3EA66700FB5049 /* EBAllocationDebug.xib */ = {isa = PBXFileReference; fileEncoding = 4; lastKnownFileType = file.xib; path = EBAllocationDebug.xib; sourceTree = "<group>"; };
		CF71F99C1B3EA66700FB5049 /* EBDataScanner.swift */ = {isa = PBXFileReference; fileEncoding = 4; lastKnownFileType = sourcecode.swift; path = EBDataScanner.swift; sourceTree = "<group>"; };
		CF71F99D1B3EA66700FB5049 /* EBManagedDocument.swift */ = {isa = PBXFileReference; fileEncoding = 4; lastKnownFileType = sourcecode.swift; path = EBManagedDocument.swift; sourceTree = "<group>"; };
		CF71F99E1B3EA66700FB5049 /* EBManagedObject.swift */ = {isa = PBXFileReference; fileEncoding = 4; lastKnownFileType = sourcecode.swift; path = EBManagedObject.swift; sourceTree = "<group>"; };
		CF71F99F1B3EA66700FB5049 /* EBManagedObjectContext.swift */ = {isa = PBXFileReference; fileEncoding = 4; lastKnownFileType = sourcecode.swift; path = EBManagedObjectContext.swift; sourceTree = "<group>"; };
		CF71F9A01B3EA66700FB5049 /* EBUndoManager.swift */ = {isa = PBXFileReference; fileEncoding = 4; lastKnownFileType = sourcecode.swift; path = EBUndoManager.swift; sourceTree = "<group>"; };
		CF8E79DA1B3E9B11000E28CC /* EBColorWell.swift */ = {isa = PBXFileReference; fileEncoding = 4; lastKnownFileType = sourcecode.swift; path = EBColorWell.swift; sourceTree = "<group>"; };
		CF8E79DC1B3E9B11000E28CC /* EBTextField.swift */ = {isa = PBXFileReference; fileEncoding = 4; lastKnownFileType = sourcecode.swift; path = EBTextField.swift; sourceTree = "<group>"; };
		CFC7AEC11BF220D20076C604 /* EBTextObserverField.swift */ = {isa = PBXFileReference; fileEncoding = 4; lastKnownFileType = sourcecode.swift; path = EBTextObserverField.swift; sourceTree = "<group>"; };
		D9CAA6E02C990B0A82652DCA /* transient-MyRootEntity-myStringMaj.swift */ = {isa = PBXFileReference; fileEncoding = 4; lastKnownFileType = sourcecode.swift; path = "transient-MyRootEntity-myStringMaj.swift"; sourceTree = "<group>"; };
		E0327AD868D138F2B4FDD6F0 /* action-PMDocument-monAction.swift */ = {isa = PBXFileReference; fileEncoding = 4; lastKnownFileType = sourcecode.swift; path = "action-PMDocument-monAction.swift"; sourceTree = "<group>"; };
/* End PBXFileReference section */

/* Begin PBXFrameworksBuildPhase section */
		4608232E07D3AA3D998E5135 /* Frameworks */ = {
			isa = PBXFrameworksBuildPhase;
			buildActionMask = 2147483647;
			files = (
			);
			runOnlyForDeploymentPostprocessing = 0;
		};
/* End PBXFrameworksBuildPhase section */

/* Begin PBXGroup section */
		4B5CE2FE28308FD9F2A7BAF3 = {
			isa = PBXGroup;
			children = (
				A2F3E71D9181A67B7542122C /* Sources */,
				754BA1C09B3695E0CB6CDE7F /* Resources */,
				CF3B47711AC80D3800DA3409 /* Products */,
			);
			sourceTree = "<group>";
		};
		754BA1C09B3695E0CB6CDE7F /* Resources */ = {
			isa = PBXGroup;
			children = (
				6A60928B05A7E228A89C3799 /* Info.plist */,
			);
			name = Resources;
			path = "simple-document";
			sourceTree = "<group>";
		};
		A2F3E71D9181A67B7542122C /* Sources */ = {
			isa = PBXGroup;
			children = (
				7A37563370DED05F5A3BF3EC /* action-PMDocument-autreAction.swift */,
				E0327AD868D138F2B4FDD6F0 /* action-PMDocument-monAction.swift */,
				CE56D3D6FA748AB6D9AF3FD7 /* application.swift */,
				A9DED88F18ECEE47145A72C0 /* easy-bindings-utilities.swift */,
				CF71F99A1B3EA66700FB5049 /* EBAllocationDebug.swift */,
				CF71F99B1B3EA66700FB5049 /* EBAllocationDebug.xib */,
				CF8E79DA1B3E9B11000E28CC /* EBColorWell.swift */,
				CF71F99C1B3EA66700FB5049 /* EBDataScanner.swift */,
				CF71F99D1B3EA66700FB5049 /* EBManagedDocument.swift */,
				CF71F99E1B3EA66700FB5049 /* EBManagedObject.swift */,
				CF71F99F1B3EA66700FB5049 /* EBManagedObjectContext.swift */,
				CF8E79DC1B3E9B11000E28CC /* EBTextField.swift */,
				CFC7AEC11BF220D20076C604 /* EBTextObserverField.swift */,
				CF71F9A01B3EA66700FB5049 /* EBUndoManager.swift */,
				CF4BBCCD20EFE80100C7C2A9 /* entity-MyRootEntity.swift */,
				778DFAECDC212708F721B788 /* generic-bindings.swift */,
				19AD8176D665453CFB2E55F0 /* main.swift */,
				BBCE2345D7772B0674A318D5 /* MainMenu.xib */,
				AA0EFB9E19094440C317E21B /* PMDocument.swift */,
				CF3B47721AC80DF000DA3409 /* PMDocument.xib */,
				7260AE62E3B1396831A8398F /* Preferences.swift */,
				6AB90CE0268229151C9BDE11 /* standard-properties.swift */,
				2E2D7FBDEA1AFC51C7C6AD26 /* transient-MyRootEntity-myStringConcat.swift */,
				D9CAA6E02C990B0A82652DCA /* transient-MyRootEntity-myStringMaj.swift */,
				C124A10E0DB5E4B97FC2AF39 /* transient-MyRootEntity-myStringMin.swift */,
			);
			name = Sources;
			path = "simple-document";
			sourceTree = "<group>";
		};
		CF3B47711AC80D3800DA3409 /* Products */ = {
			isa = PBXGroup;
			children = (
				CF3B47701AC80D3800DA3409 /* simple-document.app */,
			);
			name = Products;
			sourceTree = "<group>";
		};
/* End PBXGroup section */

/* Begin PBXNativeTarget section */
		7FBDB1988EF4C628EBA02591 /* simple-document */ = {
			isa = PBXNativeTarget;
			buildConfigurationList = 4163B3523AFE57C2E008BC8C /* Build configuration list for PBXNativeTarget "simple-document" */;
			buildPhases = (
				5C00B1249BBE3554A4FDF6FB /* Resources */,
				4608232E07D3AA3D998E5135 /* Frameworks */,
				A126B2F4B2374F342BE9ED44 /* Sources */,
			);
			buildRules = (
			);
			dependencies = (
			);
			name = "simple-document";
			productInstallPath = "$(HOME)/bin";
			productName = "simple-document";
			productReference = CF3B47701AC80D3800DA3409 /* simple-document.app */;
			productType = "com.apple.product-type.application";
		};
/* End PBXNativeTarget section */

/* Begin PBXProject section */
		95D565EF66E7DFF9F98764DA /* Project object */ = {
			isa = PBXProject;
			attributes = {
				LastSwiftUpdateCheck = 0700;
				LastUpgradeCheck = 0800;
				TargetAttributes = {
					7FBDB1988EF4C628EBA02591 = {
						LastSwiftMigration = 0800;
					};
				};
			};
			buildConfigurationList = 9D4C2F636F067F89CC14862C /* Build configuration list for PBXProject "simple-document" */;
			compatibilityVersion = "Xcode 3.2";
			developmentRegion = English;
			hasScannedForEncodings = 1;
			knownRegions = (
				en,
			);
			mainGroup = 4B5CE2FE28308FD9F2A7BAF3;
			productRefGroup = CF3B47711AC80D3800DA3409 /* Products */;
			projectDirPath = "";
			projectRoot = "";
			targets = (
				7FBDB1988EF4C628EBA02591 /* simple-document */,
			);
		};
/* End PBXProject section */

/* Begin PBXResourcesBuildPhase section */
		5C00B1249BBE3554A4FDF6FB /* Resources */ = {
			isa = PBXResourcesBuildPhase;
			buildActionMask = 2147483647;
			files = (
				5A880FAF6FB5E6087EB1B2DC /* MainMenu.xib in Resources */,
				CF3B47731AC80DF000DA3409 /* PMDocument.xib in Resources */,
				CF71F9A21B3EA66700FB5049 /* EBAllocationDebug.xib in Resources */,
			);
			runOnlyForDeploymentPostprocessing = 0;
		};
/* End PBXResourcesBuildPhase section */

/* Begin PBXSourcesBuildPhase section */
		A126B2F4B2374F342BE9ED44 /* Sources */ = {
			isa = PBXSourcesBuildPhase;
			buildActionMask = 2147483647;
			files = (
				02A44259755D38E6D163E820 /* transient-MyRootEntity-myStringConcat.swift in Sources */,
				6FE97759AA27A0C99BFF6710 /* transient-MyRootEntity-myStringMaj.swift in Sources */,
				22BCC25A6F606EB525FFDC56 /* transient-MyRootEntity-myStringMin.swift in Sources */,
				CF8E79E01B3E9B11000E28CC /* EBTextField.swift in Sources */,
				CFC7AEC21BF220D20076C604 /* EBTextObserverField.swift in Sources */,
				3463D06DE0CA9A15B6153677 /* action-PMDocument-autreAction.swift in Sources */,
				9DD601BBE69F351039152189 /* action-PMDocument-monAction.swift in Sources */,
				CF71F9A51B3EA66700FB5049 /* EBManagedObject.swift in Sources */,
				CF8E79DE1B3E9B11000E28CC /* EBColorWell.swift in Sources */,
				CF71F9A61B3EA66700FB5049 /* EBManagedObjectContext.swift in Sources */,
				CF71F9A41B3EA66700FB5049 /* EBManagedDocument.swift in Sources */,
				CF4BBCCE20EFE80100C7C2A9 /* entity-MyRootEntity.swift in Sources */,
				8F07F89DDBEBC2AC9128303F /* PMDocument.swift in Sources */,
				E875A2E075A1A4A6E1B9770F /* Preferences.swift in Sources */,
				B79421734881B53E1E1B18B6 /* application.swift in Sources */,
				30BD3DCAEFC96F40275BDC0A /* easy-bindings-utilities.swift in Sources */,
				CF71F9A11B3EA66700FB5049 /* EBAllocationDebug.swift in Sources */,
				4DFA42CADDBD0694A4E9BDC8 /* generic-bindings.swift in Sources */,
				CF71F9A31B3EA66700FB5049 /* EBDataScanner.swift in Sources */,
				E76FC522773286A895BC8436 /* main.swift in Sources */,
				CF71F9A71B3EA66700FB5049 /* EBUndoManager.swift in Sources */,
				3AFB633E50CDF1B20DE6F466 /* standard-properties.swift in Sources */,
			);
			runOnlyForDeploymentPostprocessing = 0;
		};
/* End PBXSourcesBuildPhase section */

/* Begin XCBuildConfiguration section */
		6E7929B125F8597834FA83A4 /* Default */ = {
			isa = XCBuildConfiguration;
			buildSettings = {
				ALWAYS_EMBED_SWIFT_STANDARD_LIBRARIES = YES;
				COMBINE_HIDPI_IMAGES = YES;
				GCC_PREPROCESSOR_DEFINITIONS = "";
				INFOPLIST_FILE = "simple-document/Info.plist";
				OTHER_SWIFT_FLAGS = "-emit-ir";
				PRODUCT_BUNDLE_IDENTIFIER = "fr.irccyn.molinaro.simple-document";
				PRODUCT_NAME = "simple-document";
				SWIFT_DISABLE_SAFETY_CHECKS = YES;
				SWIFT_VERSION = 3.0;
			};
			name = Default;
		};
		A0B923820DCC509A6F75849B /* Default */ = {
			isa = XCBuildConfiguration;
			buildSettings = {
				ALWAYS_SEARCH_USER_PATHS = NO;
				CLANG_ENABLE_OBJC_ARC = YES;
				CLANG_WARN_EMPTY_BODY = YES;
				CLANG_WARN_SUSPICIOUS_IMPLICIT_CONVERSION = YES;
				CLANG_WARN_UNREACHABLE_CODE = YES;
				CLANG_WARN__DUPLICATE_METHOD_MATCH = YES;
				CODE_SIGN_IDENTITY = "";
				COPY_PHASE_STRIP = NO;
				ENABLE_STRICT_OBJC_MSGSEND = YES;
				GCC_GENERATE_DEBUGGING_SYMBOLS = NO;
				GCC_NO_COMMON_BLOCKS = YES;
				GCC_OPTIMIZATION_LEVEL = 3;
				GCC_PRECOMPILE_PREFIX_HEADER = YES;
				GCC_THREADSAFE_STATICS = NO;
				GCC_TREAT_IMPLICIT_FUNCTION_DECLARATIONS_AS_ERRORS = YES;
				GCC_TREAT_WARNINGS_AS_ERRORS = YES;
				GCC_WARN_64_TO_32_BIT_CONVERSION = YES;
				GCC_WARN_ABOUT_DEPRECATED_FUNCTIONS = NO;
				GCC_WARN_ABOUT_INVALID_OFFSETOF_MACRO = YES;
				GCC_WARN_ABOUT_MISSING_NEWLINE = YES;
				GCC_WARN_ABOUT_MISSING_PROTOTYPES = YES;
				GCC_WARN_ABOUT_RETURN_TYPE = YES;
				GCC_WARN_CHECK_SWITCH_STATEMENTS = YES;
				GCC_WARN_FOUR_CHARACTER_CONSTANTS = YES;
				GCC_WARN_HIDDEN_VIRTUAL_FUNCTIONS = YES;
				GCC_WARN_INHIBIT_ALL_WARNINGS = NO;
				GCC_WARN_INITIALIZER_NOT_FULLY_BRACKETED = YES;
				GCC_WARN_MISSING_PARENTHESES = YES;
				GCC_WARN_NON_VIRTUAL_DESTRUCTOR = YES;
				GCC_WARN_PEDANTIC = NO;
				GCC_WARN_SHADOW = NO;
				GCC_WARN_SIGN_COMPARE = YES;
				GCC_WARN_TYPECHECK_CALLS_TO_PRINTF = YES;
				GCC_WARN_UNDECLARED_SELECTOR = YES;
				GCC_WARN_UNINITIALIZED_AUTOS = YES;
				GCC_WARN_UNKNOWN_PRAGMAS = YES;
				GCC_WARN_UNUSED_FUNCTION = YES;
				GCC_WARN_UNUSED_LABEL = YES;
				GCC_WARN_UNUSED_VALUE = YES;
				GCC_WARN_UNUSED_VARIABLE = YES;
				HEADER_SEARCH_PATHS = "";
				LD_RUNPATH_SEARCH_PATHS = "$(inherited) @executable_path/../Frameworks";
				MACOSX_DEPLOYMENT_TARGET = 10.10;
				ONLY_ACTIVE_ARCH = YES;
				SDKROOT = macosx;
				VALID_ARCHS = x86_64;
			};
			name = Default;
		};
/* End XCBuildConfiguration section */

/* Begin XCConfigurationList section */
		4163B3523AFE57C2E008BC8C /* Build configuration list for PBXNativeTarget "simple-document" */ = {
			isa = XCConfigurationList;
			buildConfigurations = (
				6E7929B125F8597834FA83A4 /* Default */,
			);
			defaultConfigurationIsVisible = 0;
			defaultConfigurationName = Default;
		};
		9D4C2F636F067F89CC14862C /* Build configuration list for PBXProject "simple-document" */ = {
			isa = XCConfigurationList;
			buildConfigurations = (
				A0B923820DCC509A6F75849B /* Default */,
			);
			defaultConfigurationIsVisible = 0;
			defaultConfigurationName = Default;
		};
/* End XCConfigurationList section */
	};
	rootObject = 95D565EF66E7DFF9F98764DA /* Project object */;
}
