// !$*UTF8*$!
{
	archiveVersion = 1;
	classes = {
	};
	objectVersion = 46;
	objects = {

/* Begin PBXBuildFile section */
		02A44259755D38E6D163E820 /* MyRootEntity+transient+myStringConcat.swift in Sources */ = {isa = PBXBuildFile; fileRef = 2E2D7FBDEA1AFC51C7C6AD26 /* MyRootEntity+transient+myStringConcat.swift */; settings = {ATTRIBUTES = (); }; };
		1EAE257E44AA9D5BADE97BAF /* MyRootEntity.swift in Sources */ = {isa = PBXBuildFile; fileRef = F062936A96D3C8BD1F8F2FF3 /* MyRootEntity.swift */; settings = {ATTRIBUTES = (); }; };
		210194C475687BE6106A3B84 /* PMAllocationDebug.xib in Resources */ = {isa = PBXBuildFile; fileRef = 99908345F7439F8FFABDFFC4 /* PMAllocationDebug.xib */; settings = {ATTRIBUTES = (); }; };
		22BCC25A6F606EB525FFDC56 /* MyRootEntity+transient+myStringMin.swift in Sources */ = {isa = PBXBuildFile; fileRef = C124A10E0DB5E4B97FC2AF39 /* MyRootEntity+transient+myStringMin.swift */; settings = {ATTRIBUTES = (); }; };
		30BD3DCAEFC96F40275BDC0A /* easy-bindings-utilities.swift in Sources */ = {isa = PBXBuildFile; fileRef = A9DED88F18ECEE47145A72C0 /* easy-bindings-utilities.swift */; settings = {ATTRIBUTES = (); }; };
		3463D06DE0CA9A15B6153677 /* PMDocument+action+autreAction.swift in Sources */ = {isa = PBXBuildFile; fileRef = 7A37563370DED05F5A3BF3EC /* PMDocument+action+autreAction.swift */; settings = {ATTRIBUTES = (); }; };
		395FEDAD7BBBED0ECA3FE2E0 /* PMTextField.swift in Sources */ = {isa = PBXBuildFile; fileRef = F4C10BF22AA353E27879133C /* PMTextField.swift */; settings = {ATTRIBUTES = (); }; };
		3AFB633E50CDF1B20DE6F466 /* standard-properties.swift in Sources */ = {isa = PBXBuildFile; fileRef = 6AB90CE0268229151C9BDE11 /* standard-properties.swift */; settings = {ATTRIBUTES = (); }; };
		3F027327D8461063F4AC58A6 /* PMTextFieldObserver.swift in Sources */ = {isa = PBXBuildFile; fileRef = 4CEA9109507CACD8E2F2AEFC /* PMTextFieldObserver.swift */; settings = {ATTRIBUTES = (); }; };
		4005F8DA13F42943881C655F /* PMDataScanner.swift in Sources */ = {isa = PBXBuildFile; fileRef = 748049E45D87B8C7D8B9AACD /* PMDataScanner.swift */; settings = {ATTRIBUTES = (); }; };
		4DFA42CADDBD0694A4E9BDC8 /* generic-bindings.swift in Sources */ = {isa = PBXBuildFile; fileRef = 778DFAECDC212708F721B788 /* generic-bindings.swift */; settings = {ATTRIBUTES = (); }; };
		5568161A8CDF4AD2299F6D23 /* PMAllocationDebug.swift in Sources */ = {isa = PBXBuildFile; fileRef = C9B086079795C442636B55FB /* PMAllocationDebug.swift */; settings = {ATTRIBUTES = (); }; };
		5A880FAF6FB5E6087EB1B2DC /* MainMenu.xib in Resources */ = {isa = PBXBuildFile; fileRef = BBCE2345D7772B0674A318D5 /* MainMenu.xib */; settings = {ATTRIBUTES = (); }; };
		6FE97759AA27A0C99BFF6710 /* MyRootEntity+transient+myStringMaj.swift in Sources */ = {isa = PBXBuildFile; fileRef = D9CAA6E02C990B0A82652DCA /* MyRootEntity+transient+myStringMaj.swift */; settings = {ATTRIBUTES = (); }; };
		8F07F89DDBEBC2AC9128303F /* PMDocument.swift in Sources */ = {isa = PBXBuildFile; fileRef = AA0EFB9E19094440C317E21B /* PMDocument.swift */; settings = {ATTRIBUTES = (); }; };
		93E200C36F7CD9DFD0E5DEAA /* PMMatrix.swift in Sources */ = {isa = PBXBuildFile; fileRef = 7964F8DDDEB95FC584CD965D /* PMMatrix.swift */; settings = {ATTRIBUTES = (); }; };
		9DD601BBE69F351039152189 /* PMDocument+action+monAction.swift in Sources */ = {isa = PBXBuildFile; fileRef = E0327AD868D138F2B4FDD6F0 /* PMDocument+action+monAction.swift */; settings = {ATTRIBUTES = (); }; };
		B79421734881B53E1E1B18B6 /* application.swift in Sources */ = {isa = PBXBuildFile; fileRef = CE56D3D6FA748AB6D9AF3FD7 /* application.swift */; settings = {ATTRIBUTES = (); }; };
		C833DFF4B38FC8D2872F1EC6 /* PMUndoManager.swift in Sources */ = {isa = PBXBuildFile; fileRef = FC8586DFA4D1BC0E1742C08B /* PMUndoManager.swift */; settings = {ATTRIBUTES = (); }; };
		CF3B47731AC80DF000DA3409 /* PMDocument.xib in Resources */ = {isa = PBXBuildFile; fileRef = CF3B47721AC80DF000DA3409 /* PMDocument.xib */; };
		CFAB3B471AD56D83001DB60C /* PMManagedObjectContext.swift in Sources */ = {isa = PBXBuildFile; fileRef = CFAB3B461AD56D83001DB60C /* PMManagedObjectContext.swift */; };
		E76FC522773286A895BC8436 /* main.swift in Sources */ = {isa = PBXBuildFile; fileRef = 19AD8176D665453CFB2E55F0 /* main.swift */; settings = {ATTRIBUTES = (); }; };
		E875A2E075A1A4A6E1B9770F /* Preferences.swift in Sources */ = {isa = PBXBuildFile; fileRef = 7260AE62E3B1396831A8398F /* Preferences.swift */; settings = {ATTRIBUTES = (); }; };
		EA6328A42E0EB13D585E4C22 /* PMManagedObject.swift in Sources */ = {isa = PBXBuildFile; fileRef = 0B7C298AB50293ADFECB7B18 /* PMManagedObject.swift */; settings = {ATTRIBUTES = (); }; };
		F766FA44E1ED0FF613F563BD /* PMManagedDocument.swift in Sources */ = {isa = PBXBuildFile; fileRef = CDCD5072BB1864CDEE4D3D6E /* PMManagedDocument.swift */; settings = {ATTRIBUTES = (); }; };
		F8ED5D21A44B0E5886680CB9 /* PMColorWell.swift in Sources */ = {isa = PBXBuildFile; fileRef = 8E8850243BE8079A5C74D079 /* PMColorWell.swift */; settings = {ATTRIBUTES = (); }; };
		FB98AB9159F51FD0297E236D /* MonEnumeration.swift in Sources */ = {isa = PBXBuildFile; fileRef = CEEA167A5A36DEDD4BEA2543 /* MonEnumeration.swift */; settings = {ATTRIBUTES = (); }; };
/* End PBXBuildFile section */

/* Begin PBXFileReference section */
		0B7C298AB50293ADFECB7B18 /* PMManagedObject.swift */ = {isa = PBXFileReference; fileEncoding = 4; lastKnownFileType = sourcecode.swift; path = PMManagedObject.swift; sourceTree = "<group>"; };
		19AD8176D665453CFB2E55F0 /* main.swift */ = {isa = PBXFileReference; fileEncoding = 4; lastKnownFileType = sourcecode.swift; path = main.swift; sourceTree = "<group>"; };
		2E2D7FBDEA1AFC51C7C6AD26 /* MyRootEntity+transient+myStringConcat.swift */ = {isa = PBXFileReference; fileEncoding = 4; lastKnownFileType = sourcecode.swift; path = "MyRootEntity+transient+myStringConcat.swift"; sourceTree = "<group>"; };
		4CEA9109507CACD8E2F2AEFC /* PMTextFieldObserver.swift */ = {isa = PBXFileReference; fileEncoding = 4; lastKnownFileType = sourcecode.swift; path = PMTextFieldObserver.swift; sourceTree = "<group>"; };
		6A60928B05A7E228A89C3799 /* Info.plist */ = {isa = PBXFileReference; fileEncoding = 4; lastKnownFileType = text.plist; path = Info.plist; sourceTree = "<group>"; };
		6AB90CE0268229151C9BDE11 /* standard-properties.swift */ = {isa = PBXFileReference; fileEncoding = 4; lastKnownFileType = sourcecode.swift; path = "standard-properties.swift"; sourceTree = "<group>"; };
		7260AE62E3B1396831A8398F /* Preferences.swift */ = {isa = PBXFileReference; fileEncoding = 4; lastKnownFileType = sourcecode.swift; path = Preferences.swift; sourceTree = "<group>"; };
		748049E45D87B8C7D8B9AACD /* PMDataScanner.swift */ = {isa = PBXFileReference; fileEncoding = 4; lastKnownFileType = sourcecode.swift; path = PMDataScanner.swift; sourceTree = "<group>"; };
		778DFAECDC212708F721B788 /* generic-bindings.swift */ = {isa = PBXFileReference; fileEncoding = 4; lastKnownFileType = sourcecode.swift; path = "generic-bindings.swift"; sourceTree = "<group>"; };
		7964F8DDDEB95FC584CD965D /* PMMatrix.swift */ = {isa = PBXFileReference; fileEncoding = 4; lastKnownFileType = sourcecode.swift; path = PMMatrix.swift; sourceTree = "<group>"; };
		7A37563370DED05F5A3BF3EC /* PMDocument+action+autreAction.swift */ = {isa = PBXFileReference; fileEncoding = 4; lastKnownFileType = sourcecode.swift; path = "PMDocument+action+autreAction.swift"; sourceTree = "<group>"; };
		8E8850243BE8079A5C74D079 /* PMColorWell.swift */ = {isa = PBXFileReference; fileEncoding = 4; lastKnownFileType = sourcecode.swift; path = PMColorWell.swift; sourceTree = "<group>"; };
		99908345F7439F8FFABDFFC4 /* PMAllocationDebug.xib */ = {isa = PBXFileReference; fileEncoding = 4; lastKnownFileType = wrapper.xib; path = PMAllocationDebug.xib; sourceTree = "<group>"; };
		A9DED88F18ECEE47145A72C0 /* easy-bindings-utilities.swift */ = {isa = PBXFileReference; fileEncoding = 4; lastKnownFileType = sourcecode.swift; path = "easy-bindings-utilities.swift"; sourceTree = "<group>"; };
		AA0EFB9E19094440C317E21B /* PMDocument.swift */ = {isa = PBXFileReference; fileEncoding = 4; lastKnownFileType = sourcecode.swift; path = PMDocument.swift; sourceTree = "<group>"; };
		BBCE2345D7772B0674A318D5 /* MainMenu.xib */ = {isa = PBXFileReference; fileEncoding = 4; lastKnownFileType = wrapper.xib; path = MainMenu.xib; sourceTree = "<group>"; };
		C124A10E0DB5E4B97FC2AF39 /* MyRootEntity+transient+myStringMin.swift */ = {isa = PBXFileReference; fileEncoding = 4; lastKnownFileType = sourcecode.swift; path = "MyRootEntity+transient+myStringMin.swift"; sourceTree = "<group>"; };
		C9B086079795C442636B55FB /* PMAllocationDebug.swift */ = {isa = PBXFileReference; fileEncoding = 4; lastKnownFileType = sourcecode.swift; path = PMAllocationDebug.swift; sourceTree = "<group>"; };
		CDCD5072BB1864CDEE4D3D6E /* PMManagedDocument.swift */ = {isa = PBXFileReference; fileEncoding = 4; lastKnownFileType = sourcecode.swift; path = PMManagedDocument.swift; sourceTree = "<group>"; };
		CE56D3D6FA748AB6D9AF3FD7 /* application.swift */ = {isa = PBXFileReference; fileEncoding = 4; lastKnownFileType = sourcecode.swift; path = application.swift; sourceTree = "<group>"; };
		CEEA167A5A36DEDD4BEA2543 /* MonEnumeration.swift */ = {isa = PBXFileReference; fileEncoding = 4; lastKnownFileType = sourcecode.swift; path = MonEnumeration.swift; sourceTree = "<group>"; };
		CF3B47701AC80D3800DA3409 /* simple-document.app */ = {isa = PBXFileReference; explicitFileType = wrapper.application; includeInIndex = 0; path = "simple-document.app"; sourceTree = BUILT_PRODUCTS_DIR; };
		CF3B47721AC80DF000DA3409 /* PMDocument.xib */ = {isa = PBXFileReference; fileEncoding = 4; lastKnownFileType = file.xib; path = PMDocument.xib; sourceTree = "<group>"; };
		CFAB3B461AD56D83001DB60C /* PMManagedObjectContext.swift */ = {isa = PBXFileReference; fileEncoding = 4; lastKnownFileType = sourcecode.swift; path = PMManagedObjectContext.swift; sourceTree = "<group>"; };
		D9CAA6E02C990B0A82652DCA /* MyRootEntity+transient+myStringMaj.swift */ = {isa = PBXFileReference; fileEncoding = 4; lastKnownFileType = sourcecode.swift; path = "MyRootEntity+transient+myStringMaj.swift"; sourceTree = "<group>"; };
		E0327AD868D138F2B4FDD6F0 /* PMDocument+action+monAction.swift */ = {isa = PBXFileReference; fileEncoding = 4; lastKnownFileType = sourcecode.swift; path = "PMDocument+action+monAction.swift"; sourceTree = "<group>"; };
		F062936A96D3C8BD1F8F2FF3 /* MyRootEntity.swift */ = {isa = PBXFileReference; fileEncoding = 4; lastKnownFileType = sourcecode.swift; path = MyRootEntity.swift; sourceTree = "<group>"; };
		F4C10BF22AA353E27879133C /* PMTextField.swift */ = {isa = PBXFileReference; fileEncoding = 4; lastKnownFileType = sourcecode.swift; path = PMTextField.swift; sourceTree = "<group>"; };
		FC8586DFA4D1BC0E1742C08B /* PMUndoManager.swift */ = {isa = PBXFileReference; fileEncoding = 4; lastKnownFileType = sourcecode.swift; path = PMUndoManager.swift; sourceTree = "<group>"; };
/* End PBXFileReference section */

/* Begin PBXFrameworksBuildPhase section */
		4608232E07D3AA3D998E5135 /* Frameworks */ = {
			isa = PBXFrameworksBuildPhase;
			buildActionMask = 2147483647;
			files = (
			);
			runOnlyForDeploymentPostprocessing = 0;
		};
/* End PBXFrameworksBuildPhase section */

/* Begin PBXGroup section */
		4B5CE2FE28308FD9F2A7BAF3 = {
			isa = PBXGroup;
			children = (
				A2F3E71D9181A67B7542122C /* Sources */,
				754BA1C09B3695E0CB6CDE7F /* Resources */,
				CF3B47711AC80D3800DA3409 /* Products */,
			);
			sourceTree = "<group>";
		};
		754BA1C09B3695E0CB6CDE7F /* Resources */ = {
			isa = PBXGroup;
			children = (
				6A60928B05A7E228A89C3799 /* Info.plist */,
			);
			name = Resources;
			path = "simple-document";
			sourceTree = "<group>";
		};
		A2F3E71D9181A67B7542122C /* Sources */ = {
			isa = PBXGroup;
			children = (
				CE56D3D6FA748AB6D9AF3FD7 /* application.swift */,
				A9DED88F18ECEE47145A72C0 /* easy-bindings-utilities.swift */,
				778DFAECDC212708F721B788 /* generic-bindings.swift */,
				19AD8176D665453CFB2E55F0 /* main.swift */,
				BBCE2345D7772B0674A318D5 /* MainMenu.xib */,
				CEEA167A5A36DEDD4BEA2543 /* MonEnumeration.swift */,
				F062936A96D3C8BD1F8F2FF3 /* MyRootEntity.swift */,
				2E2D7FBDEA1AFC51C7C6AD26 /* MyRootEntity+transient+myStringConcat.swift */,
				D9CAA6E02C990B0A82652DCA /* MyRootEntity+transient+myStringMaj.swift */,
				C124A10E0DB5E4B97FC2AF39 /* MyRootEntity+transient+myStringMin.swift */,
				C9B086079795C442636B55FB /* PMAllocationDebug.swift */,
				99908345F7439F8FFABDFFC4 /* PMAllocationDebug.xib */,
				8E8850243BE8079A5C74D079 /* PMColorWell.swift */,
				748049E45D87B8C7D8B9AACD /* PMDataScanner.swift */,
				AA0EFB9E19094440C317E21B /* PMDocument.swift */,
				CF3B47721AC80DF000DA3409 /* PMDocument.xib */,
				7A37563370DED05F5A3BF3EC /* PMDocument+action+autreAction.swift */,
				E0327AD868D138F2B4FDD6F0 /* PMDocument+action+monAction.swift */,
				CDCD5072BB1864CDEE4D3D6E /* PMManagedDocument.swift */,
				0B7C298AB50293ADFECB7B18 /* PMManagedObject.swift */,
				CFAB3B461AD56D83001DB60C /* PMManagedObjectContext.swift */,
				7964F8DDDEB95FC584CD965D /* PMMatrix.swift */,
				F4C10BF22AA353E27879133C /* PMTextField.swift */,
				4CEA9109507CACD8E2F2AEFC /* PMTextFieldObserver.swift */,
				FC8586DFA4D1BC0E1742C08B /* PMUndoManager.swift */,
				7260AE62E3B1396831A8398F /* Preferences.swift */,
				6AB90CE0268229151C9BDE11 /* standard-properties.swift */,
			);
			name = Sources;
			path = "simple-document";
			sourceTree = "<group>";
		};
		CF3B47711AC80D3800DA3409 /* Products */ = {
			isa = PBXGroup;
			children = (
				CF3B47701AC80D3800DA3409 /* simple-document.app */,
			);
			name = Products;
			sourceTree = "<group>";
		};
/* End PBXGroup section */

/* Begin PBXNativeTarget section */
		7FBDB1988EF4C628EBA02591 /* simple-document */ = {
			isa = PBXNativeTarget;
			buildConfigurationList = 4163B3523AFE57C2E008BC8C /* Build configuration list for PBXNativeTarget "simple-document" */;
			buildPhases = (
				5C00B1249BBE3554A4FDF6FB /* Resources */,
				4608232E07D3AA3D998E5135 /* Frameworks */,
				A126B2F4B2374F342BE9ED44 /* Sources */,
			);
			buildRules = (
			);
			dependencies = (
			);
			name = "simple-document";
			productInstallPath = "$(HOME)/bin";
			productName = "simple-document";
			productReference = CF3B47701AC80D3800DA3409 /* simple-document.app */;
			productType = "com.apple.product-type.application";
		};
/* End PBXNativeTarget section */

/* Begin PBXProject section */
		95D565EF66E7DFF9F98764DA /* Project object */ = {
			isa = PBXProject;
			attributes = {
				LastSwiftUpdateCheck = 0700;
				LastUpgradeCheck = 0700;
			};
			buildConfigurationList = 9D4C2F636F067F89CC14862C /* Build configuration list for PBXProject "simple-document" */;
			compatibilityVersion = "Xcode 3.2";
			developmentRegion = English;
			hasScannedForEncodings = 1;
			knownRegions = (
				en,
			);
			mainGroup = 4B5CE2FE28308FD9F2A7BAF3;
			productRefGroup = CF3B47711AC80D3800DA3409 /* Products */;
			projectDirPath = "";
			projectRoot = "";
			targets = (
				7FBDB1988EF4C628EBA02591 /* simple-document */,
			);
		};
/* End PBXProject section */

/* Begin PBXResourcesBuildPhase section */
		5C00B1249BBE3554A4FDF6FB /* Resources */ = {
			isa = PBXResourcesBuildPhase;
			buildActionMask = 2147483647;
			files = (
				5A880FAF6FB5E6087EB1B2DC /* MainMenu.xib in Resources */,
				CF3B47731AC80DF000DA3409 /* PMDocument.xib in Resources */,
				210194C475687BE6106A3B84 /* PMAllocationDebug.xib in Resources */,
			);
			runOnlyForDeploymentPostprocessing = 0;
		};
/* End PBXResourcesBuildPhase section */

/* Begin PBXSourcesBuildPhase section */
		A126B2F4B2374F342BE9ED44 /* Sources */ = {
			isa = PBXSourcesBuildPhase;
			buildActionMask = 2147483647;
			files = (
				FB98AB9159F51FD0297E236D /* MonEnumeration.swift in Sources */,
				02A44259755D38E6D163E820 /* MyRootEntity+transient+myStringConcat.swift in Sources */,
				6FE97759AA27A0C99BFF6710 /* MyRootEntity+transient+myStringMaj.swift in Sources */,
				22BCC25A6F606EB525FFDC56 /* MyRootEntity+transient+myStringMin.swift in Sources */,
				1EAE257E44AA9D5BADE97BAF /* MyRootEntity.swift in Sources */,
				5568161A8CDF4AD2299F6D23 /* PMAllocationDebug.swift in Sources */,
				F8ED5D21A44B0E5886680CB9 /* PMColorWell.swift in Sources */,
				4005F8DA13F42943881C655F /* PMDataScanner.swift in Sources */,
				3463D06DE0CA9A15B6153677 /* PMDocument+action+autreAction.swift in Sources */,
				9DD601BBE69F351039152189 /* PMDocument+action+monAction.swift in Sources */,
				8F07F89DDBEBC2AC9128303F /* PMDocument.swift in Sources */,
				F766FA44E1ED0FF613F563BD /* PMManagedDocument.swift in Sources */,
				EA6328A42E0EB13D585E4C22 /* PMManagedObject.swift in Sources */,
				CFAB3B471AD56D83001DB60C /* PMManagedObjectContext.swift in Sources */,
				93E200C36F7CD9DFD0E5DEAA /* PMMatrix.swift in Sources */,
				395FEDAD7BBBED0ECA3FE2E0 /* PMTextField.swift in Sources */,
				3F027327D8461063F4AC58A6 /* PMTextFieldObserver.swift in Sources */,
				C833DFF4B38FC8D2872F1EC6 /* PMUndoManager.swift in Sources */,
				E875A2E075A1A4A6E1B9770F /* Preferences.swift in Sources */,
				B79421734881B53E1E1B18B6 /* application.swift in Sources */,
				30BD3DCAEFC96F40275BDC0A /* easy-bindings-utilities.swift in Sources */,
				4DFA42CADDBD0694A4E9BDC8 /* generic-bindings.swift in Sources */,
				E76FC522773286A895BC8436 /* main.swift in Sources */,
				3AFB633E50CDF1B20DE6F466 /* standard-properties.swift in Sources */,
			);
			runOnlyForDeploymentPostprocessing = 0;
		};
/* End PBXSourcesBuildPhase section */

/* Begin XCBuildConfiguration section */
		6E7929B125F8597834FA83A4 /* Default */ = {
			isa = XCBuildConfiguration;
			buildSettings = {
				COMBINE_HIDPI_IMAGES = YES;
				GCC_OPTIMIZATION_LEVEL = 0;
				GCC_PREPROCESSOR_DEFINITIONS = "";
				INFOPLIST_FILE = "simple-document/Info.plist";
				PRODUCT_BUNDLE_IDENTIFIER = "fr.irccyn.molinaro.simple-document";
				PRODUCT_NAME = "simple-document";
			};
			name = Default;
		};
		A0B923820DCC509A6F75849B /* Default */ = {
			isa = XCBuildConfiguration;
			buildSettings = {
				ALWAYS_SEARCH_USER_PATHS = NO;
				CLANG_ENABLE_OBJC_ARC = YES;
				CLANG_WARN_SUSPICIOUS_IMPLICIT_CONVERSION = YES;
				COPY_PHASE_STRIP = NO;
				GCC_GENERATE_DEBUGGING_SYMBOLS = NO;
				GCC_PRECOMPILE_PREFIX_HEADER = YES;
				GCC_THREADSAFE_STATICS = NO;
				GCC_TREAT_IMPLICIT_FUNCTION_DECLARATIONS_AS_ERRORS = YES;
				GCC_TREAT_WARNINGS_AS_ERRORS = YES;
				GCC_WARN_64_TO_32_BIT_CONVERSION = YES;
				GCC_WARN_ABOUT_DEPRECATED_FUNCTIONS = NO;
				GCC_WARN_ABOUT_INVALID_OFFSETOF_MACRO = YES;
				GCC_WARN_ABOUT_MISSING_NEWLINE = YES;
				GCC_WARN_ABOUT_MISSING_PROTOTYPES = YES;
				GCC_WARN_ABOUT_RETURN_TYPE = YES;
				GCC_WARN_CHECK_SWITCH_STATEMENTS = YES;
				GCC_WARN_FOUR_CHARACTER_CONSTANTS = YES;
				GCC_WARN_HIDDEN_VIRTUAL_FUNCTIONS = YES;
				GCC_WARN_INHIBIT_ALL_WARNINGS = NO;
				GCC_WARN_INITIALIZER_NOT_FULLY_BRACKETED = YES;
				GCC_WARN_MISSING_PARENTHESES = YES;
				GCC_WARN_NON_VIRTUAL_DESTRUCTOR = YES;
				GCC_WARN_PEDANTIC = NO;
				GCC_WARN_SHADOW = NO;
				GCC_WARN_SIGN_COMPARE = YES;
				GCC_WARN_TYPECHECK_CALLS_TO_PRINTF = YES;
				GCC_WARN_UNINITIALIZED_AUTOS = YES;
				GCC_WARN_UNKNOWN_PRAGMAS = YES;
				GCC_WARN_UNUSED_FUNCTION = YES;
				GCC_WARN_UNUSED_LABEL = YES;
				GCC_WARN_UNUSED_VALUE = YES;
				GCC_WARN_UNUSED_VARIABLE = YES;
				HEADER_SEARCH_PATHS = "";
				LD_RUNPATH_SEARCH_PATHS = "$(inherited) @executable_path/../Frameworks";
				MACOSX_DEPLOYMENT_TARGET = 10.10;
				SDKROOT = macosx;
			};
			name = Default;
		};
/* End XCBuildConfiguration section */

/* Begin XCConfigurationList section */
		4163B3523AFE57C2E008BC8C /* Build configuration list for PBXNativeTarget "simple-document" */ = {
			isa = XCConfigurationList;
			buildConfigurations = (
				6E7929B125F8597834FA83A4 /* Default */,
			);
			defaultConfigurationIsVisible = 0;
			defaultConfigurationName = Default;
		};
		9D4C2F636F067F89CC14862C /* Build configuration list for PBXProject "simple-document" */ = {
			isa = XCConfigurationList;
			buildConfigurations = (
				A0B923820DCC509A6F75849B /* Default */,
			);
			defaultConfigurationIsVisible = 0;
			defaultConfigurationName = Default;
		};
/* End XCConfigurationList section */
	};
	rootObject = 95D565EF66E7DFF9F98764DA /* Project object */;
}
