// !$*UTF8*$!
{
	archiveVersion = 1;
	classes = {
	};
	objectVersion = 46;
	objects = {

/* Begin PBXBuildFile section */
		CF1AE0A7168F0C9C0031840E /* PMBinaryFlatDocument.m in Sources */ = {isa = PBXBuildFile; fileRef = CF1AE0A2168F0C9C0031840E /* PMBinaryFlatDocument.m */; };
		CF1AE0A8168F0C9C0031840E /* PMbz2DataCategory.m in Sources */ = {isa = PBXBuildFile; fileRef = CF1AE0A4168F0C9C0031840E /* PMbz2DataCategory.m */; };
		CF1AE0A9168F0C9C0031840E /* PMDataScanner.m in Sources */ = {isa = PBXBuildFile; fileRef = CF1AE0A6168F0C9C0031840E /* PMDataScanner.m */; };
		CF1AE0B5168F0CA40031840E /* PMEmbeddedEntityDatabase.m in Sources */ = {isa = PBXBuildFile; fileRef = CF1AE0AC168F0CA40031840E /* PMEmbeddedEntityDatabase.m */; };
		CF1AE0B6168F0CA40031840E /* PMEmbeddedObjectDatabase.m in Sources */ = {isa = PBXBuildFile; fileRef = CF1AE0AE168F0CA40031840E /* PMEmbeddedObjectDatabase.m */; };
		CF1AE0B7168F0CA40031840E /* PMLoadedEntityDatabase.m in Sources */ = {isa = PBXBuildFile; fileRef = CF1AE0B0168F0CA40031840E /* PMLoadedEntityDatabase.m */; };
		CF1AE0B8168F0CA40031840E /* PMLoadedEntityDescription.m in Sources */ = {isa = PBXBuildFile; fileRef = CF1AE0B2168F0CA40031840E /* PMLoadedEntityDescription.m */; };
		CF1AE0B9168F0CA40031840E /* PMLoadedObjectDatabase.m in Sources */ = {isa = PBXBuildFile; fileRef = CF1AE0B4168F0CA40031840E /* PMLoadedObjectDatabase.m */; };
		CF1AE0BE168F0CAD0031840E /* PMMutableDataWriteCategory.m in Sources */ = {isa = PBXBuildFile; fileRef = CF1AE0BB168F0CAD0031840E /* PMMutableDataWriteCategory.m */; };
		CF1AE0BF168F0CAD0031840E /* PMzlibDataCategory.m in Sources */ = {isa = PBXBuildFile; fileRef = CF1AE0BD168F0CAD0031840E /* PMzlibDataCategory.m */; };
		CF1AE0C1168F0CBE0031840E /* libz.dylib in Frameworks */ = {isa = PBXBuildFile; fileRef = CF1AE0C0168F0CBE0031840E /* libz.dylib */; };
		CF1AE0C3168F0CC70031840E /* libbz2.dylib in Frameworks */ = {isa = PBXBuildFile; fileRef = CF1AE0C2168F0CC70031840E /* libbz2.dylib */; };
		CF448E9916877E9D00F33BCE /* PMAbstractPersistentDocument.m in Sources */ = {isa = PBXBuildFile; fileRef = CF448E9616877E9D00F33BCE /* PMAbstractPersistentDocument.m */; };
		CF448E9A16877E9D00F33BCE /* PMManagedObject.m in Sources */ = {isa = PBXBuildFile; fileRef = CF448E9816877E9D00F33BCE /* PMManagedObject.m */; };
		CF4627A71595B53B00BF70CD /* Cocoa.framework in Frameworks */ = {isa = PBXBuildFile; fileRef = CF4627A61595B53B00BF70CD /* Cocoa.framework */; };
		CF4627B11595B53B00BF70CD /* InfoPlist.strings in Resources */ = {isa = PBXBuildFile; fileRef = CF4627AF1595B53B00BF70CD /* InfoPlist.strings */; };
		CF4627B31595B53B00BF70CD /* main.m in Sources */ = {isa = PBXBuildFile; fileRef = CF4627B21595B53B00BF70CD /* main.m */; };
		CF4627B71595B53B00BF70CD /* Credits.rtf in Resources */ = {isa = PBXBuildFile; fileRef = CF4627B51595B53B00BF70CD /* Credits.rtf */; };
		CF4627BA1595B53B00BF70CD /* PMDocument.m in Sources */ = {isa = PBXBuildFile; fileRef = CF4627B91595B53B00BF70CD /* PMDocument.m */; };
		CF4627BD1595B53B00BF70CD /* PMDocument.xib in Resources */ = {isa = PBXBuildFile; fileRef = CF4627BB1595B53B00BF70CD /* PMDocument.xib */; };
		CF4627C01595B53B00BF70CD /* MainMenu.xib in Resources */ = {isa = PBXBuildFile; fileRef = CF4627BE1595B53B00BF70CD /* MainMenu.xib */; };
		CF4627DD1595B7DA00BF70CD /* compute_PMDocument_transientConcatString.m in Sources */ = {isa = PBXBuildFile; fileRef = CF4627D91595B7DA00BF70CD /* compute_PMDocument_transientConcatString.m */; };
		CF4627DE1595B7DA00BF70CD /* compute_PMPrefs_prefTransientString.m in Sources */ = {isa = PBXBuildFile; fileRef = CF4627DA1595B7DA00BF70CD /* compute_PMPrefs_prefTransientString.m */; };
		CF4627DF1595B7DA00BF70CD /* easy-bindings-utilities.m in Sources */ = {isa = PBXBuildFile; fileRef = CF4627DC1595B7DA00BF70CD /* easy-bindings-utilities.m */; };
		CF4627EE1595B7E500BF70CD /* managed-object-model.m in Sources */ = {isa = PBXBuildFile; fileRef = CF4627E11595B7E500BF70CD /* managed-object-model.m */; };
		CF4627EF1595B7E500BF70CD /* MyEntityClass.m in Sources */ = {isa = PBXBuildFile; fileRef = CF4627E31595B7E500BF70CD /* MyEntityClass.m */; };
		CF4627F31595B7E500BF70CD /* PMPrefs.m in Sources */ = {isa = PBXBuildFile; fileRef = CF4627ED1595B7E500BF70CD /* PMPrefs.m */; };
		CF7C15601656EC8600CFB81D /* compute_MyRootEntity_transientConcatString.m in Sources */ = {isa = PBXBuildFile; fileRef = CF7C155D1656EC8600CFB81D /* compute_MyRootEntity_transientConcatString.m */; };
		CF7C156B1656FB2E00CFB81D /* compute_MyRootEntity_otherTransientConcatString.m in Sources */ = {isa = PBXBuildFile; fileRef = CF7C156A1656FB2E00CFB81D /* compute_MyRootEntity_otherTransientConcatString.m */; };
		CF9D9A8C15963FF1006D876D /* PMAllocationDebug.m in Sources */ = {isa = PBXBuildFile; fileRef = CF9D9A8915963FF1006D876D /* PMAllocationDebug.m */; };
		CF9D9A8D15963FF1006D876D /* PMAllocationDebug.xib in Resources */ = {isa = PBXBuildFile; fileRef = CF9D9A8A15963FF1006D876D /* PMAllocationDebug.xib */; };
		CFF1C93315C32D950054F1DA /* PMTransientDependancyManager.m in Sources */ = {isa = PBXBuildFile; fileRef = CFF1C93215C32D950054F1DA /* PMTransientDependancyManager.m */; };
/* End PBXBuildFile section */

/* Begin PBXFileReference section */
		CF1AE0A1168F0C9C0031840E /* PMBinaryFlatDocument.h */ = {isa = PBXFileReference; fileEncoding = 4; lastKnownFileType = sourcecode.c.h; path = PMBinaryFlatDocument.h; sourceTree = "<group>"; };
		CF1AE0A2168F0C9C0031840E /* PMBinaryFlatDocument.m */ = {isa = PBXFileReference; fileEncoding = 4; lastKnownFileType = sourcecode.c.objc; path = PMBinaryFlatDocument.m; sourceTree = "<group>"; };
		CF1AE0A3168F0C9C0031840E /* PMbz2DataCategory.h */ = {isa = PBXFileReference; fileEncoding = 4; lastKnownFileType = sourcecode.c.h; path = PMbz2DataCategory.h; sourceTree = "<group>"; };
		CF1AE0A4168F0C9C0031840E /* PMbz2DataCategory.m */ = {isa = PBXFileReference; fileEncoding = 4; lastKnownFileType = sourcecode.c.objc; path = PMbz2DataCategory.m; sourceTree = "<group>"; };
		CF1AE0A5168F0C9C0031840E /* PMDataScanner.h */ = {isa = PBXFileReference; fileEncoding = 4; lastKnownFileType = sourcecode.c.h; path = PMDataScanner.h; sourceTree = "<group>"; };
		CF1AE0A6168F0C9C0031840E /* PMDataScanner.m */ = {isa = PBXFileReference; fileEncoding = 4; lastKnownFileType = sourcecode.c.objc; path = PMDataScanner.m; sourceTree = "<group>"; };
		CF1AE0AB168F0CA40031840E /* PMEmbeddedEntityDatabase.h */ = {isa = PBXFileReference; fileEncoding = 4; lastKnownFileType = sourcecode.c.h; path = PMEmbeddedEntityDatabase.h; sourceTree = "<group>"; };
		CF1AE0AC168F0CA40031840E /* PMEmbeddedEntityDatabase.m */ = {isa = PBXFileReference; fileEncoding = 4; lastKnownFileType = sourcecode.c.objc; path = PMEmbeddedEntityDatabase.m; sourceTree = "<group>"; };
		CF1AE0AD168F0CA40031840E /* PMEmbeddedObjectDatabase.h */ = {isa = PBXFileReference; fileEncoding = 4; lastKnownFileType = sourcecode.c.h; path = PMEmbeddedObjectDatabase.h; sourceTree = "<group>"; };
		CF1AE0AE168F0CA40031840E /* PMEmbeddedObjectDatabase.m */ = {isa = PBXFileReference; fileEncoding = 4; lastKnownFileType = sourcecode.c.objc; path = PMEmbeddedObjectDatabase.m; sourceTree = "<group>"; };
		CF1AE0AF168F0CA40031840E /* PMLoadedEntityDatabase.h */ = {isa = PBXFileReference; fileEncoding = 4; lastKnownFileType = sourcecode.c.h; path = PMLoadedEntityDatabase.h; sourceTree = "<group>"; };
		CF1AE0B0168F0CA40031840E /* PMLoadedEntityDatabase.m */ = {isa = PBXFileReference; fileEncoding = 4; lastKnownFileType = sourcecode.c.objc; path = PMLoadedEntityDatabase.m; sourceTree = "<group>"; };
		CF1AE0B1168F0CA40031840E /* PMLoadedEntityDescription.h */ = {isa = PBXFileReference; fileEncoding = 4; lastKnownFileType = sourcecode.c.h; path = PMLoadedEntityDescription.h; sourceTree = "<group>"; };
		CF1AE0B2168F0CA40031840E /* PMLoadedEntityDescription.m */ = {isa = PBXFileReference; fileEncoding = 4; lastKnownFileType = sourcecode.c.objc; path = PMLoadedEntityDescription.m; sourceTree = "<group>"; };
		CF1AE0B3168F0CA40031840E /* PMLoadedObjectDatabase.h */ = {isa = PBXFileReference; fileEncoding = 4; lastKnownFileType = sourcecode.c.h; path = PMLoadedObjectDatabase.h; sourceTree = "<group>"; };
		CF1AE0B4168F0CA40031840E /* PMLoadedObjectDatabase.m */ = {isa = PBXFileReference; fileEncoding = 4; lastKnownFileType = sourcecode.c.objc; path = PMLoadedObjectDatabase.m; sourceTree = "<group>"; };
		CF1AE0BA168F0CAD0031840E /* PMMutableDataWriteCategory.h */ = {isa = PBXFileReference; fileEncoding = 4; lastKnownFileType = sourcecode.c.h; path = PMMutableDataWriteCategory.h; sourceTree = "<group>"; };
		CF1AE0BB168F0CAD0031840E /* PMMutableDataWriteCategory.m */ = {isa = PBXFileReference; fileEncoding = 4; lastKnownFileType = sourcecode.c.objc; path = PMMutableDataWriteCategory.m; sourceTree = "<group>"; };
		CF1AE0BC168F0CAD0031840E /* PMzlibDataCategory.h */ = {isa = PBXFileReference; fileEncoding = 4; lastKnownFileType = sourcecode.c.h; path = PMzlibDataCategory.h; sourceTree = "<group>"; };
		CF1AE0BD168F0CAD0031840E /* PMzlibDataCategory.m */ = {isa = PBXFileReference; fileEncoding = 4; lastKnownFileType = sourcecode.c.objc; path = PMzlibDataCategory.m; sourceTree = "<group>"; };
		CF1AE0C0168F0CBE0031840E /* libz.dylib */ = {isa = PBXFileReference; lastKnownFileType = "compiled.mach-o.dylib"; name = libz.dylib; path = usr/lib/libz.dylib; sourceTree = SDKROOT; };
		CF1AE0C2168F0CC70031840E /* libbz2.dylib */ = {isa = PBXFileReference; lastKnownFileType = "compiled.mach-o.dylib"; name = libbz2.dylib; path = usr/lib/libbz2.dylib; sourceTree = SDKROOT; };
		CF448E9516877E9D00F33BCE /* PMAbstractPersistentDocument.h */ = {isa = PBXFileReference; fileEncoding = 4; lastKnownFileType = sourcecode.c.h; path = PMAbstractPersistentDocument.h; sourceTree = "<group>"; };
		CF448E9616877E9D00F33BCE /* PMAbstractPersistentDocument.m */ = {isa = PBXFileReference; fileEncoding = 4; lastKnownFileType = sourcecode.c.objc; path = PMAbstractPersistentDocument.m; sourceTree = "<group>"; };
		CF448E9716877E9D00F33BCE /* PMManagedObject.h */ = {isa = PBXFileReference; fileEncoding = 4; lastKnownFileType = sourcecode.c.h; path = PMManagedObject.h; sourceTree = "<group>"; };
		CF448E9816877E9D00F33BCE /* PMManagedObject.m */ = {isa = PBXFileReference; fileEncoding = 4; lastKnownFileType = sourcecode.c.objc; path = PMManagedObject.m; sourceTree = "<group>"; };
		CF4627A21595B53B00BF70CD /* 05-observing-pref-in-document.app */ = {isa = PBXFileReference; explicitFileType = wrapper.application; includeInIndex = 0; path = "05-observing-pref-in-document.app"; sourceTree = BUILT_PRODUCTS_DIR; };
		CF4627A61595B53B00BF70CD /* Cocoa.framework */ = {isa = PBXFileReference; lastKnownFileType = wrapper.framework; name = Cocoa.framework; path = System/Library/Frameworks/Cocoa.framework; sourceTree = SDKROOT; };
		CF4627A91595B53B00BF70CD /* AppKit.framework */ = {isa = PBXFileReference; lastKnownFileType = wrapper.framework; name = AppKit.framework; path = System/Library/Frameworks/AppKit.framework; sourceTree = SDKROOT; };
		CF4627AA1595B53B00BF70CD /* CoreData.framework */ = {isa = PBXFileReference; lastKnownFileType = wrapper.framework; name = CoreData.framework; path = System/Library/Frameworks/CoreData.framework; sourceTree = SDKROOT; };
		CF4627AB1595B53B00BF70CD /* Foundation.framework */ = {isa = PBXFileReference; lastKnownFileType = wrapper.framework; name = Foundation.framework; path = System/Library/Frameworks/Foundation.framework; sourceTree = SDKROOT; };
		CF4627AE1595B53B00BF70CD /* 05-observing-pref-in-document-Info.plist */ = {isa = PBXFileReference; lastKnownFileType = text.plist.xml; path = "05-observing-pref-in-document-Info.plist"; sourceTree = "<group>"; };
		CF4627B01595B53B00BF70CD /* en */ = {isa = PBXFileReference; lastKnownFileType = text.plist.strings; name = en; path = en.lproj/InfoPlist.strings; sourceTree = "<group>"; };
		CF4627B21595B53B00BF70CD /* main.m */ = {isa = PBXFileReference; lastKnownFileType = sourcecode.c.objc; path = main.m; sourceTree = "<group>"; };
		CF4627B41595B53B00BF70CD /* 05-observing-pref-in-document-Prefix.pch */ = {isa = PBXFileReference; lastKnownFileType = sourcecode.c.h; path = "05-observing-pref-in-document-Prefix.pch"; sourceTree = "<group>"; };
		CF4627B61595B53B00BF70CD /* en */ = {isa = PBXFileReference; lastKnownFileType = text.rtf; name = en; path = en.lproj/Credits.rtf; sourceTree = "<group>"; };
		CF4627B81595B53B00BF70CD /* PMDocument.h */ = {isa = PBXFileReference; lastKnownFileType = sourcecode.c.h; path = PMDocument.h; sourceTree = "<group>"; };
		CF4627B91595B53B00BF70CD /* PMDocument.m */ = {isa = PBXFileReference; lastKnownFileType = sourcecode.c.objc; path = PMDocument.m; sourceTree = "<group>"; };
		CF4627BC1595B53B00BF70CD /* en */ = {isa = PBXFileReference; lastKnownFileType = file.xib; name = en; path = en.lproj/PMDocument.xib; sourceTree = "<group>"; };
		CF4627BF1595B53B00BF70CD /* en */ = {isa = PBXFileReference; lastKnownFileType = file.xib; name = en; path = en.lproj/MainMenu.xib; sourceTree = "<group>"; };
		CF4627D91595B7DA00BF70CD /* compute_PMDocument_transientConcatString.m */ = {isa = PBXFileReference; fileEncoding = 4; lastKnownFileType = sourcecode.c.objc; path = compute_PMDocument_transientConcatString.m; sourceTree = "<group>"; };
		CF4627DA1595B7DA00BF70CD /* compute_PMPrefs_prefTransientString.m */ = {isa = PBXFileReference; fileEncoding = 4; lastKnownFileType = sourcecode.c.objc; path = compute_PMPrefs_prefTransientString.m; sourceTree = "<group>"; };
		CF4627DB1595B7DA00BF70CD /* easy-bindings-utilities.h */ = {isa = PBXFileReference; fileEncoding = 4; lastKnownFileType = sourcecode.c.h; path = "easy-bindings-utilities.h"; sourceTree = "<group>"; };
		CF4627DC1595B7DA00BF70CD /* easy-bindings-utilities.m */ = {isa = PBXFileReference; fileEncoding = 4; lastKnownFileType = sourcecode.c.objc; path = "easy-bindings-utilities.m"; sourceTree = "<group>"; };
		CF4627E01595B7E500BF70CD /* managed-object-model.h */ = {isa = PBXFileReference; fileEncoding = 4; lastKnownFileType = sourcecode.c.h; path = "managed-object-model.h"; sourceTree = "<group>"; };
		CF4627E11595B7E500BF70CD /* managed-object-model.m */ = {isa = PBXFileReference; fileEncoding = 4; lastKnownFileType = sourcecode.c.objc; path = "managed-object-model.m"; sourceTree = "<group>"; };
		CF4627E21595B7E500BF70CD /* MyEntityClass.h */ = {isa = PBXFileReference; fileEncoding = 4; lastKnownFileType = sourcecode.c.h; path = MyEntityClass.h; sourceTree = "<group>"; };
		CF4627E31595B7E500BF70CD /* MyEntityClass.m */ = {isa = PBXFileReference; fileEncoding = 4; lastKnownFileType = sourcecode.c.objc; path = MyEntityClass.m; sourceTree = "<group>"; };
		CF4627EA1595B7E500BF70CD /* PMDocument-computations.h */ = {isa = PBXFileReference; fileEncoding = 4; lastKnownFileType = sourcecode.c.h; path = "PMDocument-computations.h"; sourceTree = "<group>"; };
		CF4627EB1595B7E500BF70CD /* PMPrefs-computations.h */ = {isa = PBXFileReference; fileEncoding = 4; lastKnownFileType = sourcecode.c.h; path = "PMPrefs-computations.h"; sourceTree = "<group>"; };
		CF4627EC1595B7E500BF70CD /* PMPrefs.h */ = {isa = PBXFileReference; fileEncoding = 4; lastKnownFileType = sourcecode.c.h; path = PMPrefs.h; sourceTree = "<group>"; };
		CF4627ED1595B7E500BF70CD /* PMPrefs.m */ = {isa = PBXFileReference; fileEncoding = 4; lastKnownFileType = sourcecode.c.objc; path = PMPrefs.m; sourceTree = "<group>"; };
		CF7C155D1656EC8600CFB81D /* compute_MyRootEntity_transientConcatString.m */ = {isa = PBXFileReference; fileEncoding = 4; lastKnownFileType = sourcecode.c.objc; path = compute_MyRootEntity_transientConcatString.m; sourceTree = "<group>"; };
		CF7C155F1656EC8600CFB81D /* MyEntityClass-transient-computations.h */ = {isa = PBXFileReference; fileEncoding = 4; lastKnownFileType = sourcecode.c.h; path = "MyEntityClass-transient-computations.h"; sourceTree = "<group>"; };
		CF7C156A1656FB2E00CFB81D /* compute_MyRootEntity_otherTransientConcatString.m */ = {isa = PBXFileReference; fileEncoding = 4; lastKnownFileType = sourcecode.c.objc; path = compute_MyRootEntity_otherTransientConcatString.m; sourceTree = "<group>"; };
		CF9D9A8815963FF1006D876D /* PMAllocationDebug.h */ = {isa = PBXFileReference; fileEncoding = 4; lastKnownFileType = sourcecode.c.h; path = PMAllocationDebug.h; sourceTree = "<group>"; };
		CF9D9A8915963FF1006D876D /* PMAllocationDebug.m */ = {isa = PBXFileReference; fileEncoding = 4; lastKnownFileType = sourcecode.c.objc; path = PMAllocationDebug.m; sourceTree = "<group>"; };
		CF9D9A8A15963FF1006D876D /* PMAllocationDebug.xib */ = {isa = PBXFileReference; fileEncoding = 4; lastKnownFileType = file.xib; path = PMAllocationDebug.xib; sourceTree = "<group>"; };
		CFF1C93115C32D950054F1DA /* PMTransientDependancyManager.h */ = {isa = PBXFileReference; fileEncoding = 4; lastKnownFileType = sourcecode.c.h; path = PMTransientDependancyManager.h; sourceTree = "<group>"; };
		CFF1C93215C32D950054F1DA /* PMTransientDependancyManager.m */ = {isa = PBXFileReference; fileEncoding = 4; lastKnownFileType = sourcecode.c.objc; path = PMTransientDependancyManager.m; sourceTree = "<group>"; };
/* End PBXFileReference section */

/* Begin PBXFrameworksBuildPhase section */
		CF46279F1595B53B00BF70CD /* Frameworks */ = {
			isa = PBXFrameworksBuildPhase;
			buildActionMask = 2147483647;
			files = (
				CF1AE0C3168F0CC70031840E /* libbz2.dylib in Frameworks */,
				CF1AE0C1168F0CBE0031840E /* libz.dylib in Frameworks */,
				CF4627A71595B53B00BF70CD /* Cocoa.framework in Frameworks */,
			);
			runOnlyForDeploymentPostprocessing = 0;
		};
/* End PBXFrameworksBuildPhase section */

/* Begin PBXGroup section */
		CF4627971595B53A00BF70CD = {
			isa = PBXGroup;
			children = (
				CF4627AC1595B53B00BF70CD /* 05-observing-pref-in-document */,
				CF4627A51595B53B00BF70CD /* Frameworks */,
				CF4627A31595B53B00BF70CD /* Products */,
			);
			sourceTree = "<group>";
		};
		CF4627A31595B53B00BF70CD /* Products */ = {
			isa = PBXGroup;
			children = (
				CF4627A21595B53B00BF70CD /* 05-observing-pref-in-document.app */,
			);
			name = Products;
			sourceTree = "<group>";
		};
		CF4627A51595B53B00BF70CD /* Frameworks */ = {
			isa = PBXGroup;
			children = (
				CF1AE0C2168F0CC70031840E /* libbz2.dylib */,
				CF1AE0C0168F0CBE0031840E /* libz.dylib */,
				CF4627A61595B53B00BF70CD /* Cocoa.framework */,
				CF4627A81595B53B00BF70CD /* Other Frameworks */,
			);
			name = Frameworks;
			sourceTree = "<group>";
		};
		CF4627A81595B53B00BF70CD /* Other Frameworks */ = {
			isa = PBXGroup;
			children = (
				CF4627A91595B53B00BF70CD /* AppKit.framework */,
				CF4627AA1595B53B00BF70CD /* CoreData.framework */,
				CF4627AB1595B53B00BF70CD /* Foundation.framework */,
			);
			name = "Other Frameworks";
			sourceTree = "<group>";
		};
		CF4627AC1595B53B00BF70CD /* 05-observing-pref-in-document */ = {
			isa = PBXGroup;
			children = (
				CF1AE0BA168F0CAD0031840E /* PMMutableDataWriteCategory.h */,
				CF1AE0BB168F0CAD0031840E /* PMMutableDataWriteCategory.m */,
				CF1AE0BC168F0CAD0031840E /* PMzlibDataCategory.h */,
				CF1AE0BD168F0CAD0031840E /* PMzlibDataCategory.m */,
				CF1AE0AB168F0CA40031840E /* PMEmbeddedEntityDatabase.h */,
				CF1AE0AC168F0CA40031840E /* PMEmbeddedEntityDatabase.m */,
				CF1AE0AD168F0CA40031840E /* PMEmbeddedObjectDatabase.h */,
				CF1AE0AE168F0CA40031840E /* PMEmbeddedObjectDatabase.m */,
				CF1AE0AF168F0CA40031840E /* PMLoadedEntityDatabase.h */,
				CF1AE0B0168F0CA40031840E /* PMLoadedEntityDatabase.m */,
				CF1AE0B1168F0CA40031840E /* PMLoadedEntityDescription.h */,
				CF1AE0B2168F0CA40031840E /* PMLoadedEntityDescription.m */,
				CF1AE0B3168F0CA40031840E /* PMLoadedObjectDatabase.h */,
				CF1AE0B4168F0CA40031840E /* PMLoadedObjectDatabase.m */,
				CF1AE0A1168F0C9C0031840E /* PMBinaryFlatDocument.h */,
				CF1AE0A2168F0C9C0031840E /* PMBinaryFlatDocument.m */,
				CF1AE0A3168F0C9C0031840E /* PMbz2DataCategory.h */,
				CF1AE0A4168F0C9C0031840E /* PMbz2DataCategory.m */,
				CF1AE0A5168F0C9C0031840E /* PMDataScanner.h */,
				CF1AE0A6168F0C9C0031840E /* PMDataScanner.m */,
				CF448E9516877E9D00F33BCE /* PMAbstractPersistentDocument.h */,
				CF448E9616877E9D00F33BCE /* PMAbstractPersistentDocument.m */,
				CF448E9716877E9D00F33BCE /* PMManagedObject.h */,
				CF448E9816877E9D00F33BCE /* PMManagedObject.m */,
				CF7C156A1656FB2E00CFB81D /* compute_MyRootEntity_otherTransientConcatString.m */,
				CF7C155D1656EC8600CFB81D /* compute_MyRootEntity_transientConcatString.m */,
				CF7C155F1656EC8600CFB81D /* MyEntityClass-transient-computations.h */,
				CFF1C93115C32D950054F1DA /* PMTransientDependancyManager.h */,
				CFF1C93215C32D950054F1DA /* PMTransientDependancyManager.m */,
				CF9D9A8815963FF1006D876D /* PMAllocationDebug.h */,
				CF9D9A8915963FF1006D876D /* PMAllocationDebug.m */,
				CF9D9A8A15963FF1006D876D /* PMAllocationDebug.xib */,
				CF4627E01595B7E500BF70CD /* managed-object-model.h */,
				CF4627E11595B7E500BF70CD /* managed-object-model.m */,
				CF4627E21595B7E500BF70CD /* MyEntityClass.h */,
				CF4627E31595B7E500BF70CD /* MyEntityClass.m */,
				CF4627EA1595B7E500BF70CD /* PMDocument-computations.h */,
				CF4627EB1595B7E500BF70CD /* PMPrefs-computations.h */,
				CF4627EC1595B7E500BF70CD /* PMPrefs.h */,
				CF4627ED1595B7E500BF70CD /* PMPrefs.m */,
				CF4627D91595B7DA00BF70CD /* compute_PMDocument_transientConcatString.m */,
				CF4627DA1595B7DA00BF70CD /* compute_PMPrefs_prefTransientString.m */,
				CF4627DB1595B7DA00BF70CD /* easy-bindings-utilities.h */,
				CF4627DC1595B7DA00BF70CD /* easy-bindings-utilities.m */,
				CF4627B81595B53B00BF70CD /* PMDocument.h */,
				CF4627B91595B53B00BF70CD /* PMDocument.m */,
				CF4627BB1595B53B00BF70CD /* PMDocument.xib */,
				CF4627BE1595B53B00BF70CD /* MainMenu.xib */,
				CF4627AD1595B53B00BF70CD /* Supporting Files */,
			);
			path = "05-observing-pref-in-document";
			sourceTree = "<group>";
		};
		CF4627AD1595B53B00BF70CD /* Supporting Files */ = {
			isa = PBXGroup;
			children = (
				CF4627AE1595B53B00BF70CD /* 05-observing-pref-in-document-Info.plist */,
				CF4627AF1595B53B00BF70CD /* InfoPlist.strings */,
				CF4627B21595B53B00BF70CD /* main.m */,
				CF4627B41595B53B00BF70CD /* 05-observing-pref-in-document-Prefix.pch */,
				CF4627B51595B53B00BF70CD /* Credits.rtf */,
			);
			name = "Supporting Files";
			sourceTree = "<group>";
		};
/* End PBXGroup section */

/* Begin PBXNativeTarget section */
		CF4627A11595B53B00BF70CD /* 05-observing-pref-in-document */ = {
			isa = PBXNativeTarget;
			buildConfigurationList = CF4627C61595B53B00BF70CD /* Build configuration list for PBXNativeTarget "05-observing-pref-in-document" */;
			buildPhases = (
				CF46279E1595B53B00BF70CD /* Sources */,
				CF46279F1595B53B00BF70CD /* Frameworks */,
				CF4627A01595B53B00BF70CD /* Resources */,
			);
			buildRules = (
			);
			dependencies = (
			);
			name = "05-observing-pref-in-document";
			productName = "05-observing-pref-in-document";
			productReference = CF4627A21595B53B00BF70CD /* 05-observing-pref-in-document.app */;
			productType = "com.apple.product-type.application";
		};
/* End PBXNativeTarget section */

/* Begin PBXProject section */
		CF4627991595B53A00BF70CD /* Project object */ = {
			isa = PBXProject;
			attributes = {
				CLASSPREFIX = PM;
				LastUpgradeCheck = 0450;
			};
			buildConfigurationList = CF46279C1595B53A00BF70CD /* Build configuration list for PBXProject "05-observing-pref-in-document" */;
			compatibilityVersion = "Xcode 3.2";
			developmentRegion = English;
			hasScannedForEncodings = 0;
			knownRegions = (
				en,
			);
			mainGroup = CF4627971595B53A00BF70CD;
			productRefGroup = CF4627A31595B53B00BF70CD /* Products */;
			projectDirPath = "";
			projectRoot = "";
			targets = (
				CF4627A11595B53B00BF70CD /* 05-observing-pref-in-document */,
			);
		};
/* End PBXProject section */

/* Begin PBXResourcesBuildPhase section */
		CF4627A01595B53B00BF70CD /* Resources */ = {
			isa = PBXResourcesBuildPhase;
			buildActionMask = 2147483647;
			files = (
				CF4627B11595B53B00BF70CD /* InfoPlist.strings in Resources */,
				CF4627B71595B53B00BF70CD /* Credits.rtf in Resources */,
				CF4627BD1595B53B00BF70CD /* PMDocument.xib in Resources */,
				CF4627C01595B53B00BF70CD /* MainMenu.xib in Resources */,
				CF9D9A8D15963FF1006D876D /* PMAllocationDebug.xib in Resources */,
			);
			runOnlyForDeploymentPostprocessing = 0;
		};
/* End PBXResourcesBuildPhase section */

/* Begin PBXSourcesBuildPhase section */
		CF46279E1595B53B00BF70CD /* Sources */ = {
			isa = PBXSourcesBuildPhase;
			buildActionMask = 2147483647;
			files = (
				CF4627B31595B53B00BF70CD /* main.m in Sources */,
				CF4627BA1595B53B00BF70CD /* PMDocument.m in Sources */,
				CF4627DD1595B7DA00BF70CD /* compute_PMDocument_transientConcatString.m in Sources */,
				CF4627DE1595B7DA00BF70CD /* compute_PMPrefs_prefTransientString.m in Sources */,
				CF4627DF1595B7DA00BF70CD /* easy-bindings-utilities.m in Sources */,
				CF4627EE1595B7E500BF70CD /* managed-object-model.m in Sources */,
				CF4627EF1595B7E500BF70CD /* MyEntityClass.m in Sources */,
				CF4627F31595B7E500BF70CD /* PMPrefs.m in Sources */,
				CF9D9A8C15963FF1006D876D /* PMAllocationDebug.m in Sources */,
				CFF1C93315C32D950054F1DA /* PMTransientDependancyManager.m in Sources */,
				CF7C15601656EC8600CFB81D /* compute_MyRootEntity_transientConcatString.m in Sources */,
				CF7C156B1656FB2E00CFB81D /* compute_MyRootEntity_otherTransientConcatString.m in Sources */,
				CF448E9916877E9D00F33BCE /* PMAbstractPersistentDocument.m in Sources */,
				CF448E9A16877E9D00F33BCE /* PMManagedObject.m in Sources */,
				CF1AE0A7168F0C9C0031840E /* PMBinaryFlatDocument.m in Sources */,
				CF1AE0A8168F0C9C0031840E /* PMbz2DataCategory.m in Sources */,
				CF1AE0A9168F0C9C0031840E /* PMDataScanner.m in Sources */,
				CF1AE0B5168F0CA40031840E /* PMEmbeddedEntityDatabase.m in Sources */,
				CF1AE0B6168F0CA40031840E /* PMEmbeddedObjectDatabase.m in Sources */,
				CF1AE0B7168F0CA40031840E /* PMLoadedEntityDatabase.m in Sources */,
				CF1AE0B8168F0CA40031840E /* PMLoadedEntityDescription.m in Sources */,
				CF1AE0B9168F0CA40031840E /* PMLoadedObjectDatabase.m in Sources */,
				CF1AE0BE168F0CAD0031840E /* PMMutableDataWriteCategory.m in Sources */,
				CF1AE0BF168F0CAD0031840E /* PMzlibDataCategory.m in Sources */,
			);
			runOnlyForDeploymentPostprocessing = 0;
		};
/* End PBXSourcesBuildPhase section */

/* Begin PBXVariantGroup section */
		CF4627AF1595B53B00BF70CD /* InfoPlist.strings */ = {
			isa = PBXVariantGroup;
			children = (
				CF4627B01595B53B00BF70CD /* en */,
			);
			name = InfoPlist.strings;
			sourceTree = "<group>";
		};
		CF4627B51595B53B00BF70CD /* Credits.rtf */ = {
			isa = PBXVariantGroup;
			children = (
				CF4627B61595B53B00BF70CD /* en */,
			);
			name = Credits.rtf;
			sourceTree = "<group>";
		};
		CF4627BB1595B53B00BF70CD /* PMDocument.xib */ = {
			isa = PBXVariantGroup;
			children = (
				CF4627BC1595B53B00BF70CD /* en */,
			);
			name = PMDocument.xib;
			sourceTree = "<group>";
		};
		CF4627BE1595B53B00BF70CD /* MainMenu.xib */ = {
			isa = PBXVariantGroup;
			children = (
				CF4627BF1595B53B00BF70CD /* en */,
			);
			name = MainMenu.xib;
			sourceTree = "<group>";
		};
/* End PBXVariantGroup section */

/* Begin XCBuildConfiguration section */
		CF4627C41595B53B00BF70CD /* Debug */ = {
			isa = XCBuildConfiguration;
			buildSettings = {
				ALWAYS_SEARCH_USER_PATHS = NO;
				ARCHS = "$(ARCHS_STANDARD_64_BIT)";
				CLANG_ANALYZER_SECURITY_FLOATLOOPCOUNTER = YES;
				CLANG_ANALYZER_SECURITY_INSECUREAPI_RAND = YES;
				CLANG_ANALYZER_SECURITY_INSECUREAPI_STRCPY = YES;
				CLANG_ENABLE_OBJC_ARC = YES;
				COPY_PHASE_STRIP = NO;
				DEBUG_INFORMATION_FORMAT = "dwarf-with-dsym";
				GCC_DYNAMIC_NO_PIC = NO;
				GCC_ENABLE_OBJC_EXCEPTIONS = YES;
				GCC_OPTIMIZATION_LEVEL = 0;
				GCC_PREPROCESSOR_DEFINITIONS = (
					"DEBUG=1",
					"$(inherited)",
				);
				GCC_SYMBOLS_PRIVATE_EXTERN = NO;
				GCC_WARN_64_TO_32_BIT_CONVERSION = YES;
				GCC_WARN_ABOUT_RETURN_TYPE = YES;
				GCC_WARN_UNINITIALIZED_AUTOS = YES;
				GCC_WARN_UNUSED_VARIABLE = YES;
				MACOSX_DEPLOYMENT_TARGET = 10.7;
				ONLY_ACTIVE_ARCH = YES;
				SDKROOT = macosx10.7;
				STRIP_INSTALLED_PRODUCT = NO;
				VALID_ARCHS = x86_64;
			};
			name = Debug;
		};
		CF4627C51595B53B00BF70CD /* Release */ = {
			isa = XCBuildConfiguration;
			buildSettings = {
				ALWAYS_SEARCH_USER_PATHS = NO;
				ARCHS = "$(ARCHS_STANDARD_64_BIT)";
				CLANG_ANALYZER_SECURITY_FLOATLOOPCOUNTER = YES;
				CLANG_ANALYZER_SECURITY_INSECUREAPI_RAND = YES;
				CLANG_ANALYZER_SECURITY_INSECUREAPI_STRCPY = YES;
				CLANG_ENABLE_OBJC_ARC = YES;
				COPY_PHASE_STRIP = YES;
				DEBUG_INFORMATION_FORMAT = dwarf;
				GCC_ENABLE_OBJC_EXCEPTIONS = YES;
				GCC_OPTIMIZATION_LEVEL = 2;
				GCC_WARN_64_TO_32_BIT_CONVERSION = YES;
				GCC_WARN_ABOUT_RETURN_TYPE = YES;
				GCC_WARN_UNINITIALIZED_AUTOS = YES;
				GCC_WARN_UNUSED_VARIABLE = YES;
				LLVM_LTO = YES;
				MACOSX_DEPLOYMENT_TARGET = 10.7;
				ONLY_ACTIVE_ARCH = YES;
				SDKROOT = macosx10.7;
				VALID_ARCHS = x86_64;
			};
			name = Release;
		};
		CF4627C71595B53B00BF70CD /* Debug */ = {
			isa = XCBuildConfiguration;
			buildSettings = {
				COMBINE_HIDPI_IMAGES = YES;
				GCC_PRECOMPILE_PREFIX_HEADER = YES;
				GCC_PREFIX_HEADER = "05-observing-pref-in-document/05-observing-pref-in-document-Prefix.pch";
				INFOPLIST_FILE = "05-observing-pref-in-document/05-observing-pref-in-document-Info.plist";
				PRODUCT_NAME = "$(TARGET_NAME)";
				WRAPPER_EXTENSION = app;
			};
			name = Debug;
		};
		CF4627C81595B53B00BF70CD /* Release */ = {
			isa = XCBuildConfiguration;
			buildSettings = {
				COMBINE_HIDPI_IMAGES = YES;
				GCC_PRECOMPILE_PREFIX_HEADER = YES;
				GCC_PREFIX_HEADER = "05-observing-pref-in-document/05-observing-pref-in-document-Prefix.pch";
				INFOPLIST_FILE = "05-observing-pref-in-document/05-observing-pref-in-document-Info.plist";
				PRODUCT_NAME = "$(TARGET_NAME)";
				WRAPPER_EXTENSION = app;
			};
			name = Release;
		};
/* End XCBuildConfiguration section */

/* Begin XCConfigurationList section */
		CF46279C1595B53A00BF70CD /* Build configuration list for PBXProject "05-observing-pref-in-document" */ = {
			isa = XCConfigurationList;
			buildConfigurations = (
				CF4627C41595B53B00BF70CD /* Debug */,
				CF4627C51595B53B00BF70CD /* Release */,
			);
			defaultConfigurationIsVisible = 0;
			defaultConfigurationName = Release;
		};
		CF4627C61595B53B00BF70CD /* Build configuration list for PBXNativeTarget "05-observing-pref-in-document" */ = {
			isa = XCConfigurationList;
			buildConfigurations = (
				CF4627C71595B53B00BF70CD /* Debug */,
				CF4627C81595B53B00BF70CD /* Release */,
			);
			defaultConfigurationIsVisible = 0;
			defaultConfigurationName = Release;
		};
/* End XCConfigurationList section */
	};
	rootObject = CF4627991595B53A00BF70CD /* Project object */;
}
